// !$*UTF8*$!
{
	archiveVersion = 1;
	classes = {
	};
	objectVersion = 46;
	objects = {

/* Begin PBXBuildFile section */
		5301377A17CD963F00BDA927 /* FirstViewController.m in Sources */ = {isa = PBXBuildFile; fileRef = 5301377917CD963F00BDA927 /* FirstViewController.m */; };
		5301377F17CDAA3400BDA927 /* zisseki.txt in Resources */ = {isa = PBXBuildFile; fileRef = 5301377E17CDAA3400BDA927 /* zisseki.txt */; };
		5301378117CDC85600BDA927 /* sestumei.png in Resources */ = {isa = PBXBuildFile; fileRef = 5301378017CDC85600BDA927 /* sestumei.png */; };
		5301378517CDD6C400BDA927 /* jisseki_back.png in Resources */ = {isa = PBXBuildFile; fileRef = 5301378417CDD6C400BDA927 /* jisseki_back.png */; };
		5301378717CDF70400BDA927 /* oinori_back.png in Resources */ = {isa = PBXBuildFile; fileRef = 5301378617CDF70400BDA927 /* oinori_back.png */; };
		5316E34A17C9C86F00C54CFA /* chicken.png in Resources */ = {isa = PBXBuildFile; fileRef = 5316E34917C9C86F00C54CFA /* chicken.png */; };
		5316E34E17C9D61A00C54CFA /* ladybug.png in Resources */ = {isa = PBXBuildFile; fileRef = 5316E34D17C9D61A00C54CFA /* ladybug.png */; };
		5316E35017C9D72800C54CFA /* frog.png in Resources */ = {isa = PBXBuildFile; fileRef = 5316E34F17C9D72700C54CFA /* frog.png */; };
		53173D6817CEDE6F009490E4 /* main_back.png in Resources */ = {isa = PBXBuildFile; fileRef = 53173D6717CEDE6F009490E4 /* main_back.png */; };
		5331FB2A17C6153F00D90345 /* KGStatusBar.m in Sources */ = {isa = PBXBuildFile; fileRef = 5331FB2917C6153F00D90345 /* KGStatusBar.m */; };
		533FB14517CC655600E48EF6 /* AudioPlayer.m in Sources */ = {isa = PBXBuildFile; fileRef = 533FB14417CC655600E48EF6 /* AudioPlayer.m */; };
		533FB14717CC656400E48EF6 /* 01min.mp3 in Resources */ = {isa = PBXBuildFile; fileRef = 533FB14617CC656400E48EF6 /* 01min.mp3 */; };
		533FB14917CC660800E48EF6 /* AVFoundation.framework in Frameworks */ = {isa = PBXBuildFile; fileRef = 533FB14817CC660800E48EF6 /* AVFoundation.framework */; };
		5344E17717CF4033006158DE /* HelpViewController.m in Sources */ = {isa = PBXBuildFile; fileRef = 5344E17617CF4033006158DE /* HelpViewController.m */; };
		5345D69117CB2536008D254C /* StreetPassCommunicator.m in Sources */ = {isa = PBXBuildFile; fileRef = 5345D69017CB2536008D254C /* StreetPassCommunicator.m */; };
		5345D69517CB2708008D254C /* Security.framework in Frameworks */ = {isa = PBXBuildFile; fileRef = 5345D69417CB2708008D254C /* Security.framework */; };
		5345D69717CB2CBF008D254C /* UIApplication+UIID.m in Sources */ = {isa = PBXBuildFile; fileRef = 5345D69617CB2CBF008D254C /* UIApplication+UIID.m */; };
		5345D69917CB4CF5008D254C /* human.png in Resources */ = {isa = PBXBuildFile; fileRef = 5345D69817CB4CF5008D254C /* human.png */; };
		5345D69D17CB4D09008D254C /* gorilla.png in Resources */ = {isa = PBXBuildFile; fileRef = 5345D69C17CB4D09008D254C /* gorilla.png */; };
		5345D69F17CB4D4E008D254C /* monkey.png in Resources */ = {isa = PBXBuildFile; fileRef = 5345D69E17CB4D4E008D254C /* monkey.png */; };
		5345D6A117CB57BE008D254C /* jellyfish.png in Resources */ = {isa = PBXBuildFile; fileRef = 5345D6A017CB57BE008D254C /* jellyfish.png */; };
		534D1E9917CEE0B7007F501F /* misaki_gothic.ttf in Resources */ = {isa = PBXBuildFile; fileRef = 534D1E9817CEE0B7007F501F /* misaki_gothic.ttf */; };
		534D1EA517CEEEB2007F501F /* Icon-72.png in Resources */ = {isa = PBXBuildFile; fileRef = 534D1E9B17CEEEB2007F501F /* Icon-72.png */; };
		534D1EA617CEEEB2007F501F /* Icon-72@2x.png in Resources */ = {isa = PBXBuildFile; fileRef = 534D1E9C17CEEEB2007F501F /* Icon-72@2x.png */; };
		534D1EA717CEEEB2007F501F /* Icon-Small-50.png in Resources */ = {isa = PBXBuildFile; fileRef = 534D1E9D17CEEEB2007F501F /* Icon-Small-50.png */; };
		534D1EA817CEEEB2007F501F /* Icon-Small-50@2x.png in Resources */ = {isa = PBXBuildFile; fileRef = 534D1E9E17CEEEB2007F501F /* Icon-Small-50@2x.png */; };
		534D1EA917CEEEB2007F501F /* Icon-Small.png in Resources */ = {isa = PBXBuildFile; fileRef = 534D1E9F17CEEEB2007F501F /* Icon-Small.png */; };
		534D1EAA17CEEEB2007F501F /* Icon-Small@2x.png in Resources */ = {isa = PBXBuildFile; fileRef = 534D1EA017CEEEB2007F501F /* Icon-Small@2x.png */; };
		534D1EAB17CEEEB2007F501F /* Icon.png in Resources */ = {isa = PBXBuildFile; fileRef = 534D1EA117CEEEB2007F501F /* Icon.png */; };
		534D1EAC17CEEEB2007F501F /* Icon@2x.png in Resources */ = {isa = PBXBuildFile; fileRef = 534D1EA217CEEEB2007F501F /* Icon@2x.png */; };
		534D1EAD17CEEEB2007F501F /* iTunesArtwork.png in Resources */ = {isa = PBXBuildFile; fileRef = 534D1EA317CEEEB2007F501F /* iTunesArtwork.png */; };
		534D1EAE17CEEEB2007F501F /* iTunesArtwork@2x.png in Resources */ = {isa = PBXBuildFile; fileRef = 534D1EA417CEEEB2007F501F /* iTunesArtwork@2x.png */; };
		534D1EB017CEFE36007F501F /* AudioToolbox.framework in Frameworks */ = {isa = PBXBuildFile; fileRef = 534D1EAF17CEFE36007F501F /* AudioToolbox.framework */; };
		535F87C517C8C46000E55444 /* fish.png in Resources */ = {isa = PBXBuildFile; fileRef = 535F87C417C8C46000E55444 /* fish.png */; };
		535F87C917C8C4CD00E55444 /* fly.png in Resources */ = {isa = PBXBuildFile; fileRef = 535F87C817C8C4CD00E55444 /* fly.png */; };
		5361671817C70195000E9B43 /* AvaterManagement.m in Sources */ = {isa = PBXBuildFile; fileRef = 5361671717C70195000E9B43 /* AvaterManagement.m */; };
		5366CFA817C8C84200294ABE /* ghost.png in Resources */ = {isa = PBXBuildFile; fileRef = 5366CFA717C8C84200294ABE /* ghost.png */; };
		5366CFAC17C8C9A700294ABE /* penguin.png in Resources */ = {isa = PBXBuildFile; fileRef = 5366CFAB17C8C9A700294ABE /* penguin.png */; };
		537CEAA617C86C9E009CFCCC /* CoreMotion.framework in Frameworks */ = {isa = PBXBuildFile; fileRef = 537CEAA517C86C9D009CFCCC /* CoreMotion.framework */; };
		537CEAAB17C8788A009CFCCC /* ShakeCounter.m in Sources */ = {isa = PBXBuildFile; fileRef = 537CEAAA17C8788A009CFCCC /* ShakeCounter.m */; };
		53B7F5D617C74F140002FDF1 /* ameba.png in Resources */ = {isa = PBXBuildFile; fileRef = 53B7F5D517C74F140002FDF1 /* ameba.png */; };
		53B7F5DA17C751F00002FDF1 /* daphnia.png in Resources */ = {isa = PBXBuildFile; fileRef = 53B7F5D917C751F00002FDF1 /* daphnia.png */; };
		53B7F5DC17C755A00002FDF1 /* dog.png in Resources */ = {isa = PBXBuildFile; fileRef = 53B7F5DB17C755A00002FDF1 /* dog.png */; };
		53B7F5DE17C759440002FDF1 /* cat.png in Resources */ = {isa = PBXBuildFile; fileRef = 53B7F5DD17C759440002FDF1 /* cat.png */; };
		53B7F5E017C75CEB0002FDF1 /* pig.png in Resources */ = {isa = PBXBuildFile; fileRef = 53B7F5DF17C75CEB0002FDF1 /* pig.png */; };
		53B7F5E417C767610002FDF1 /* snake.png in Resources */ = {isa = PBXBuildFile; fileRef = 53B7F5E317C767610002FDF1 /* snake.png */; };
		53C8869217C5A6A500FC535A /* Avater.m in Sources */ = {isa = PBXBuildFile; fileRef = 53C8869117C5A6A500FC535A /* Avater.m */; };
		53DA7BA417C4BE70009CD7A2 /* UIKit.framework in Frameworks */ = {isa = PBXBuildFile; fileRef = 53DA7BA317C4BE70009CD7A2 /* UIKit.framework */; };
		53DA7BA617C4BE70009CD7A2 /* Foundation.framework in Frameworks */ = {isa = PBXBuildFile; fileRef = 53DA7BA517C4BE70009CD7A2 /* Foundation.framework */; };
		53DA7BA817C4BE70009CD7A2 /* CoreGraphics.framework in Frameworks */ = {isa = PBXBuildFile; fileRef = 53DA7BA717C4BE70009CD7A2 /* CoreGraphics.framework */; };
		53DA7BAE17C4BE70009CD7A2 /* InfoPlist.strings in Resources */ = {isa = PBXBuildFile; fileRef = 53DA7BAC17C4BE70009CD7A2 /* InfoPlist.strings */; };
		53DA7BB017C4BE70009CD7A2 /* main.m in Sources */ = {isa = PBXBuildFile; fileRef = 53DA7BAF17C4BE70009CD7A2 /* main.m */; };
		53DA7BB417C4BE70009CD7A2 /* AppDelegate.m in Sources */ = {isa = PBXBuildFile; fileRef = 53DA7BB317C4BE70009CD7A2 /* AppDelegate.m */; };
		53DA7BB617C4BE70009CD7A2 /* Default.png in Resources */ = {isa = PBXBuildFile; fileRef = 53DA7BB517C4BE70009CD7A2 /* Default.png */; };
		53DA7BB817C4BE70009CD7A2 /* Default@2x.png in Resources */ = {isa = PBXBuildFile; fileRef = 53DA7BB717C4BE70009CD7A2 /* Default@2x.png */; };
		53DA7BBA17C4BE70009CD7A2 /* Default-568h@2x.png in Resources */ = {isa = PBXBuildFile; fileRef = 53DA7BB917C4BE70009CD7A2 /* Default-568h@2x.png */; };
		53DA7BBD17C4BE70009CD7A2 /* MainStoryboard.storyboard in Resources */ = {isa = PBXBuildFile; fileRef = 53DA7BBB17C4BE70009CD7A2 /* MainStoryboard.storyboard */; };
		53DA7BC017C4BE70009CD7A2 /* ViewController.m in Sources */ = {isa = PBXBuildFile; fileRef = 53DA7BBF17C4BE70009CD7A2 /* ViewController.m */; };
		53DA7BC717C4BF16009CD7A2 /* GameKit.framework in Frameworks */ = {isa = PBXBuildFile; fileRef = 53DA7BC617C4BF16009CD7A2 /* GameKit.framework */; };
		53DA7BCA17C4C744009CD7A2 /* ZissekiViewController.m in Sources */ = {isa = PBXBuildFile; fileRef = 53DA7BC917C4C744009CD7A2 /* ZissekiViewController.m */; };
		53DA7BCD17C4CAE2009CD7A2 /* OinoriViewController.m in Sources */ = {isa = PBXBuildFile; fileRef = 53DA7BCC17C4CAE2009CD7A2 /* OinoriViewController.m */; };
		53FC7ADC17CC91030056E8DA /* angel.png in Resources */ = {isa = PBXBuildFile; fileRef = 53FC7AD417CC91030056E8DA /* angel.png */; };
		53FC7ADD17CC91030056E8DA /* cockroach.png in Resources */ = {isa = PBXBuildFile; fileRef = 53FC7AD517CC91030056E8DA /* cockroach.png */; };
		53FC7ADE17CC91030056E8DA /* lizard.png in Resources */ = {isa = PBXBuildFile; fileRef = 53FC7AD617CC91030056E8DA /* lizard.png */; };
		53FC7ADF17CC91030056E8DA /* pediastrum.png in Resources */ = {isa = PBXBuildFile; fileRef = 53FC7AD717CC91030056E8DA /* pediastrum.png */; };
		53FC7AE017CC91030056E8DA /* devil.png in Resources */ = {isa = PBXBuildFile; fileRef = 53FC7AD817CC91030056E8DA /* devil.png */; };
		53FC7AE117CC91030056E8DA /* owl.png in Resources */ = {isa = PBXBuildFile; fileRef = 53FC7AD917CC91030056E8DA /* owl.png */; };
		53FC7AE217CC91030056E8DA /* anglerfish.png in Resources */ = {isa = PBXBuildFile; fileRef = 53FC7ADA17CC91030056E8DA /* anglerfish.png */; };
		53FC7AE317CC91030056E8DA /* spirogyra.png in Resources */ = {isa = PBXBuildFile; fileRef = 53FC7ADB17CC91030056E8DA /* spirogyra.png */; };
		53FC7AE517CC919C0056E8DA /* avaterdata.csv in Resources */ = {isa = PBXBuildFile; fileRef = 53FC7AE417CC919C0056E8DA /* avaterdata.csv */; };
/* End PBXBuildFile section */

/* Begin PBXFileReference section */
		5301377817CD963F00BDA927 /* FirstViewController.h */ = {isa = PBXFileReference; fileEncoding = 4; lastKnownFileType = sourcecode.c.h; path = FirstViewController.h; sourceTree = "<group>"; };
		5301377917CD963F00BDA927 /* FirstViewController.m */ = {isa = PBXFileReference; fileEncoding = 4; lastKnownFileType = sourcecode.c.objc; path = FirstViewController.m; sourceTree = "<group>"; };
		5301377E17CDAA3400BDA927 /* zisseki.txt */ = {isa = PBXFileReference; fileEncoding = 4; lastKnownFileType = text; path = zisseki.txt; sourceTree = "<group>"; };
		5301378017CDC85600BDA927 /* sestumei.png */ = {isa = PBXFileReference; lastKnownFileType = image.png; path = sestumei.png; sourceTree = "<group>"; };
		5301378417CDD6C400BDA927 /* jisseki_back.png */ = {isa = PBXFileReference; lastKnownFileType = image.png; path = jisseki_back.png; sourceTree = "<group>"; };
		5301378617CDF70400BDA927 /* oinori_back.png */ = {isa = PBXFileReference; lastKnownFileType = image.png; path = oinori_back.png; sourceTree = "<group>"; };
		5316E34917C9C86F00C54CFA /* chicken.png */ = {isa = PBXFileReference; lastKnownFileType = image.png; path = chicken.png; sourceTree = "<group>"; };
		5316E34D17C9D61A00C54CFA /* ladybug.png */ = {isa = PBXFileReference; lastKnownFileType = image.png; path = ladybug.png; sourceTree = "<group>"; };
		5316E34F17C9D72700C54CFA /* frog.png */ = {isa = PBXFileReference; lastKnownFileType = image.png; path = frog.png; sourceTree = "<group>"; };
		53173D6717CEDE6F009490E4 /* main_back.png */ = {isa = PBXFileReference; lastKnownFileType = image.png; path = main_back.png; sourceTree = "<group>"; };
		5331FB2817C6153F00D90345 /* KGStatusBar.h */ = {isa = PBXFileReference; fileEncoding = 4; lastKnownFileType = sourcecode.c.h; path = KGStatusBar.h; sourceTree = "<group>"; };
		5331FB2917C6153F00D90345 /* KGStatusBar.m */ = {isa = PBXFileReference; fileEncoding = 4; lastKnownFileType = sourcecode.c.objc; path = KGStatusBar.m; sourceTree = "<group>"; };
		533FB14317CC653B00E48EF6 /* AudioPlayer.h */ = {isa = PBXFileReference; fileEncoding = 4; lastKnownFileType = sourcecode.c.h; path = AudioPlayer.h; sourceTree = "<group>"; };
		533FB14417CC655600E48EF6 /* AudioPlayer.m */ = {isa = PBXFileReference; fileEncoding = 4; lastKnownFileType = sourcecode.c.objc; path = AudioPlayer.m; sourceTree = "<group>"; };
		533FB14617CC656400E48EF6 /* 01min.mp3 */ = {isa = PBXFileReference; lastKnownFileType = audio.mp3; path = 01min.mp3; sourceTree = "<group>"; };
		533FB14817CC660800E48EF6 /* AVFoundation.framework */ = {isa = PBXFileReference; lastKnownFileType = wrapper.framework; name = AVFoundation.framework; path = System/Library/Frameworks/AVFoundation.framework; sourceTree = SDKROOT; };
		5344E17517CF4033006158DE /* HelpViewController.h */ = {isa = PBXFileReference; fileEncoding = 4; lastKnownFileType = sourcecode.c.h; path = HelpViewController.h; sourceTree = "<group>"; };
		5344E17617CF4033006158DE /* HelpViewController.m */ = {isa = PBXFileReference; fileEncoding = 4; lastKnownFileType = sourcecode.c.objc; path = HelpViewController.m; sourceTree = "<group>"; };
		5345D68F17CB2536008D254C /* StreetPassCommunicator.h */ = {isa = PBXFileReference; fileEncoding = 4; lastKnownFileType = sourcecode.c.h; path = StreetPassCommunicator.h; sourceTree = "<group>"; };
		5345D69017CB2536008D254C /* StreetPassCommunicator.m */ = {isa = PBXFileReference; fileEncoding = 4; lastKnownFileType = sourcecode.c.objc; path = StreetPassCommunicator.m; sourceTree = "<group>"; };
		5345D69217CB253F008D254C /* UIApplication+UIID.h */ = {isa = PBXFileReference; lastKnownFileType = sourcecode.c.h; path = "UIApplication+UIID.h"; sourceTree = "<group>"; };
		5345D69417CB2708008D254C /* Security.framework */ = {isa = PBXFileReference; lastKnownFileType = wrapper.framework; name = Security.framework; path = System/Library/Frameworks/Security.framework; sourceTree = SDKROOT; };
		5345D69617CB2CBF008D254C /* UIApplication+UIID.m */ = {isa = PBXFileReference; fileEncoding = 4; lastKnownFileType = sourcecode.c.objc; path = "UIApplication+UIID.m"; sourceTree = "<group>"; };
		5345D69817CB4CF5008D254C /* human.png */ = {isa = PBXFileReference; lastKnownFileType = image.png; path = human.png; sourceTree = "<group>"; };
		5345D69C17CB4D09008D254C /* gorilla.png */ = {isa = PBXFileReference; lastKnownFileType = image.png; path = gorilla.png; sourceTree = "<group>"; };
		5345D69E17CB4D4E008D254C /* monkey.png */ = {isa = PBXFileReference; lastKnownFileType = image.png; path = monkey.png; sourceTree = "<group>"; };
		5345D6A017CB57BE008D254C /* jellyfish.png */ = {isa = PBXFileReference; lastKnownFileType = image.png; path = jellyfish.png; sourceTree = "<group>"; };
		534D1E9817CEE0B7007F501F /* misaki_gothic.ttf */ = {isa = PBXFileReference; lastKnownFileType = file; path = misaki_gothic.ttf; sourceTree = "<group>"; };
		534D1E9B17CEEEB2007F501F /* Icon-72.png */ = {isa = PBXFileReference; lastKnownFileType = image.png; path = "Icon-72.png"; sourceTree = "<group>"; };
		534D1E9C17CEEEB2007F501F /* Icon-72@2x.png */ = {isa = PBXFileReference; lastKnownFileType = image.png; path = "Icon-72@2x.png"; sourceTree = "<group>"; };
		534D1E9D17CEEEB2007F501F /* Icon-Small-50.png */ = {isa = PBXFileReference; lastKnownFileType = image.png; path = "Icon-Small-50.png"; sourceTree = "<group>"; };
		534D1E9E17CEEEB2007F501F /* Icon-Small-50@2x.png */ = {isa = PBXFileReference; lastKnownFileType = image.png; path = "Icon-Small-50@2x.png"; sourceTree = "<group>"; };
		534D1E9F17CEEEB2007F501F /* Icon-Small.png */ = {isa = PBXFileReference; lastKnownFileType = image.png; path = "Icon-Small.png"; sourceTree = "<group>"; };
		534D1EA017CEEEB2007F501F /* Icon-Small@2x.png */ = {isa = PBXFileReference; lastKnownFileType = image.png; path = "Icon-Small@2x.png"; sourceTree = "<group>"; };
		534D1EA117CEEEB2007F501F /* Icon.png */ = {isa = PBXFileReference; lastKnownFileType = image.png; path = Icon.png; sourceTree = "<group>"; };
		534D1EA217CEEEB2007F501F /* Icon@2x.png */ = {isa = PBXFileReference; lastKnownFileType = image.png; path = "Icon@2x.png"; sourceTree = "<group>"; };
		534D1EA317CEEEB2007F501F /* iTunesArtwork.png */ = {isa = PBXFileReference; lastKnownFileType = image.png; path = iTunesArtwork.png; sourceTree = "<group>"; };
		534D1EA417CEEEB2007F501F /* iTunesArtwork@2x.png */ = {isa = PBXFileReference; lastKnownFileType = image.png; path = "iTunesArtwork@2x.png"; sourceTree = "<group>"; };
		534D1EAF17CEFE36007F501F /* AudioToolbox.framework */ = {isa = PBXFileReference; lastKnownFileType = wrapper.framework; name = AudioToolbox.framework; path = System/Library/Frameworks/AudioToolbox.framework; sourceTree = SDKROOT; };
		535F87C417C8C46000E55444 /* fish.png */ = {isa = PBXFileReference; lastKnownFileType = image.png; path = fish.png; sourceTree = "<group>"; };
		535F87C817C8C4CD00E55444 /* fly.png */ = {isa = PBXFileReference; lastKnownFileType = image.png; path = fly.png; sourceTree = "<group>"; };
		5361671617C70194000E9B43 /* AvaterManagement.h */ = {isa = PBXFileReference; fileEncoding = 4; lastKnownFileType = sourcecode.c.h; path = AvaterManagement.h; sourceTree = "<group>"; };
		5361671717C70195000E9B43 /* AvaterManagement.m */ = {isa = PBXFileReference; fileEncoding = 4; lastKnownFileType = sourcecode.c.objc; path = AvaterManagement.m; sourceTree = "<group>"; };
		5366CFA717C8C84200294ABE /* ghost.png */ = {isa = PBXFileReference; lastKnownFileType = image.png; path = ghost.png; sourceTree = "<group>"; };
		5366CFAB17C8C9A700294ABE /* penguin.png */ = {isa = PBXFileReference; lastKnownFileType = image.png; path = penguin.png; sourceTree = "<group>"; };
		537CEAA517C86C9D009CFCCC /* CoreMotion.framework */ = {isa = PBXFileReference; lastKnownFileType = wrapper.framework; name = CoreMotion.framework; path = System/Library/Frameworks/CoreMotion.framework; sourceTree = SDKROOT; };
		537CEAA717C86FC6009CFCCC /* SenTestingKit.framework */ = {isa = PBXFileReference; lastKnownFileType = wrapper.framework; name = SenTestingKit.framework; path = Library/Frameworks/SenTestingKit.framework; sourceTree = DEVELOPER_DIR; };
		537CEAA917C8788A009CFCCC /* ShakeCounter.h */ = {isa = PBXFileReference; fileEncoding = 4; lastKnownFileType = sourcecode.c.h; path = ShakeCounter.h; sourceTree = "<group>"; };
		537CEAAA17C8788A009CFCCC /* ShakeCounter.m */ = {isa = PBXFileReference; fileEncoding = 4; lastKnownFileType = sourcecode.c.objc; path = ShakeCounter.m; sourceTree = "<group>"; };
		53B7F5D517C74F140002FDF1 /* ameba.png */ = {isa = PBXFileReference; lastKnownFileType = image.png; path = ameba.png; sourceTree = "<group>"; };
		53B7F5D917C751F00002FDF1 /* daphnia.png */ = {isa = PBXFileReference; lastKnownFileType = image.png; path = daphnia.png; sourceTree = "<group>"; };
		53B7F5DB17C755A00002FDF1 /* dog.png */ = {isa = PBXFileReference; lastKnownFileType = image.png; path = dog.png; sourceTree = "<group>"; };
		53B7F5DD17C759440002FDF1 /* cat.png */ = {isa = PBXFileReference; lastKnownFileType = image.png; path = cat.png; sourceTree = "<group>"; };
		53B7F5DF17C75CEB0002FDF1 /* pig.png */ = {isa = PBXFileReference; lastKnownFileType = image.png; path = pig.png; sourceTree = "<group>"; };
		53B7F5E317C767610002FDF1 /* snake.png */ = {isa = PBXFileReference; lastKnownFileType = image.png; path = snake.png; sourceTree = "<group>"; };
		53C8869017C5A6A500FC535A /* Avater.h */ = {isa = PBXFileReference; fileEncoding = 4; lastKnownFileType = sourcecode.c.h; path = Avater.h; sourceTree = "<group>"; };
		53C8869117C5A6A500FC535A /* Avater.m */ = {isa = PBXFileReference; fileEncoding = 4; lastKnownFileType = sourcecode.c.objc; path = Avater.m; sourceTree = "<group>"; };
		53DA7BA017C4BE70009CD7A2 /* スマート宗教.app */ = {isa = PBXFileReference; explicitFileType = wrapper.application; includeInIndex = 0; path = "スマート宗教.app"; sourceTree = BUILT_PRODUCTS_DIR; };
		53DA7BA317C4BE70009CD7A2 /* UIKit.framework */ = {isa = PBXFileReference; lastKnownFileType = wrapper.framework; name = UIKit.framework; path = System/Library/Frameworks/UIKit.framework; sourceTree = SDKROOT; };
		53DA7BA517C4BE70009CD7A2 /* Foundation.framework */ = {isa = PBXFileReference; lastKnownFileType = wrapper.framework; name = Foundation.framework; path = System/Library/Frameworks/Foundation.framework; sourceTree = SDKROOT; };
		53DA7BA717C4BE70009CD7A2 /* CoreGraphics.framework */ = {isa = PBXFileReference; lastKnownFileType = wrapper.framework; name = CoreGraphics.framework; path = System/Library/Frameworks/CoreGraphics.framework; sourceTree = SDKROOT; };
		53DA7BAB17C4BE70009CD7A2 /* joggress-Info.plist */ = {isa = PBXFileReference; lastKnownFileType = text.plist.xml; path = "joggress-Info.plist"; sourceTree = "<group>"; };
		53DA7BAD17C4BE70009CD7A2 /* en */ = {isa = PBXFileReference; lastKnownFileType = text.plist.strings; name = en; path = en.lproj/InfoPlist.strings; sourceTree = "<group>"; };
		53DA7BAF17C4BE70009CD7A2 /* main.m */ = {isa = PBXFileReference; lastKnownFileType = sourcecode.c.objc; path = main.m; sourceTree = "<group>"; };
		53DA7BB117C4BE70009CD7A2 /* joggress-Prefix.pch */ = {isa = PBXFileReference; lastKnownFileType = sourcecode.c.h; path = "joggress-Prefix.pch"; sourceTree = "<group>"; };
		53DA7BB217C4BE70009CD7A2 /* AppDelegate.h */ = {isa = PBXFileReference; lastKnownFileType = sourcecode.c.h; path = AppDelegate.h; sourceTree = "<group>"; };
		53DA7BB317C4BE70009CD7A2 /* AppDelegate.m */ = {isa = PBXFileReference; lastKnownFileType = sourcecode.c.objc; path = AppDelegate.m; sourceTree = "<group>"; };
		53DA7BB517C4BE70009CD7A2 /* Default.png */ = {isa = PBXFileReference; lastKnownFileType = image.png; path = Default.png; sourceTree = "<group>"; };
		53DA7BB717C4BE70009CD7A2 /* Default@2x.png */ = {isa = PBXFileReference; lastKnownFileType = image.png; path = "Default@2x.png"; sourceTree = "<group>"; };
		53DA7BB917C4BE70009CD7A2 /* Default-568h@2x.png */ = {isa = PBXFileReference; lastKnownFileType = image.png; path = "Default-568h@2x.png"; sourceTree = "<group>"; };
		53DA7BBC17C4BE70009CD7A2 /* en */ = {isa = PBXFileReference; lastKnownFileType = file.storyboard; name = en; path = en.lproj/MainStoryboard.storyboard; sourceTree = "<group>"; };
		53DA7BBE17C4BE70009CD7A2 /* ViewController.h */ = {isa = PBXFileReference; lastKnownFileType = sourcecode.c.h; path = ViewController.h; sourceTree = "<group>"; };
		53DA7BBF17C4BE70009CD7A2 /* ViewController.m */ = {isa = PBXFileReference; lastKnownFileType = sourcecode.c.objc; path = ViewController.m; sourceTree = "<group>"; };
		53DA7BC617C4BF16009CD7A2 /* GameKit.framework */ = {isa = PBXFileReference; lastKnownFileType = wrapper.framework; name = GameKit.framework; path = System/Library/Frameworks/GameKit.framework; sourceTree = SDKROOT; };
		53DA7BC817C4C744009CD7A2 /* ZissekiViewController.h */ = {isa = PBXFileReference; fileEncoding = 4; lastKnownFileType = sourcecode.c.h; path = ZissekiViewController.h; sourceTree = "<group>"; };
		53DA7BC917C4C744009CD7A2 /* ZissekiViewController.m */ = {isa = PBXFileReference; fileEncoding = 4; lastKnownFileType = sourcecode.c.objc; path = ZissekiViewController.m; sourceTree = "<group>"; };
		53DA7BCB17C4CAE2009CD7A2 /* OinoriViewController.h */ = {isa = PBXFileReference; fileEncoding = 4; lastKnownFileType = sourcecode.c.h; path = OinoriViewController.h; sourceTree = "<group>"; };
		53DA7BCC17C4CAE2009CD7A2 /* OinoriViewController.m */ = {isa = PBXFileReference; fileEncoding = 4; lastKnownFileType = sourcecode.c.objc; path = OinoriViewController.m; sourceTree = "<group>"; };
		53FC7AD417CC91030056E8DA /* angel.png */ = {isa = PBXFileReference; lastKnownFileType = image.png; path = angel.png; sourceTree = "<group>"; };
		53FC7AD517CC91030056E8DA /* cockroach.png */ = {isa = PBXFileReference; lastKnownFileType = image.png; path = cockroach.png; sourceTree = "<group>"; };
		53FC7AD617CC91030056E8DA /* lizard.png */ = {isa = PBXFileReference; lastKnownFileType = image.png; path = lizard.png; sourceTree = "<group>"; };
		53FC7AD717CC91030056E8DA /* pediastrum.png */ = {isa = PBXFileReference; lastKnownFileType = image.png; path = pediastrum.png; sourceTree = "<group>"; };
		53FC7AD817CC91030056E8DA /* devil.png */ = {isa = PBXFileReference; lastKnownFileType = image.png; path = devil.png; sourceTree = "<group>"; };
		53FC7AD917CC91030056E8DA /* owl.png */ = {isa = PBXFileReference; lastKnownFileType = image.png; path = owl.png; sourceTree = "<group>"; };
		53FC7ADA17CC91030056E8DA /* anglerfish.png */ = {isa = PBXFileReference; lastKnownFileType = image.png; path = anglerfish.png; sourceTree = "<group>"; };
		53FC7ADB17CC91030056E8DA /* spirogyra.png */ = {isa = PBXFileReference; lastKnownFileType = image.png; path = spirogyra.png; sourceTree = "<group>"; };
		53FC7AE417CC919C0056E8DA /* avaterdata.csv */ = {isa = PBXFileReference; fileEncoding = 4; lastKnownFileType = text; path = avaterdata.csv; sourceTree = "<group>"; };
/* End PBXFileReference section */

/* Begin PBXFrameworksBuildPhase section */
		53DA7B9D17C4BE70009CD7A2 /* Frameworks */ = {
			isa = PBXFrameworksBuildPhase;
			buildActionMask = 2147483647;
			files = (
				534D1EB017CEFE36007F501F /* AudioToolbox.framework in Frameworks */,
				533FB14917CC660800E48EF6 /* AVFoundation.framework in Frameworks */,
				5345D69517CB2708008D254C /* Security.framework in Frameworks */,
				537CEAA617C86C9E009CFCCC /* CoreMotion.framework in Frameworks */,
				53DA7BC717C4BF16009CD7A2 /* GameKit.framework in Frameworks */,
				53DA7BA417C4BE70009CD7A2 /* UIKit.framework in Frameworks */,
				53DA7BA617C4BE70009CD7A2 /* Foundation.framework in Frameworks */,
				53DA7BA817C4BE70009CD7A2 /* CoreGraphics.framework in Frameworks */,
			);
			runOnlyForDeploymentPostprocessing = 0;
		};
/* End PBXFrameworksBuildPhase section */

/* Begin PBXGroup section */
		534D1E9A17CEEEB2007F501F /* icons */ = {
			isa = PBXGroup;
			children = (
				534D1E9B17CEEEB2007F501F /* Icon-72.png */,
				534D1E9C17CEEEB2007F501F /* Icon-72@2x.png */,
				534D1E9D17CEEEB2007F501F /* Icon-Small-50.png */,
				534D1E9E17CEEEB2007F501F /* Icon-Small-50@2x.png */,
				534D1E9F17CEEEB2007F501F /* Icon-Small.png */,
				534D1EA017CEEEB2007F501F /* Icon-Small@2x.png */,
				534D1EA117CEEEB2007F501F /* Icon.png */,
				534D1EA217CEEEB2007F501F /* Icon@2x.png */,
				534D1EA317CEEEB2007F501F /* iTunesArtwork.png */,
				534D1EA417CEEEB2007F501F /* iTunesArtwork@2x.png */,
			);
			path = icons;
			sourceTree = "<group>";
		};
		5361671517C6FE75000E9B43 /* Image */ = {
			isa = PBXGroup;
			children = (
				534D1E9A17CEEEB2007F501F /* icons */,
				53173D6717CEDE6F009490E4 /* main_back.png */,
				5301378617CDF70400BDA927 /* oinori_back.png */,
				5301378417CDD6C400BDA927 /* jisseki_back.png */,
				5301378017CDC85600BDA927 /* sestumei.png */,
				53FC7AD417CC91030056E8DA /* angel.png */,
				53FC7AD517CC91030056E8DA /* cockroach.png */,
				53FC7AD617CC91030056E8DA /* lizard.png */,
				53FC7AD717CC91030056E8DA /* pediastrum.png */,
				53FC7AD817CC91030056E8DA /* devil.png */,
				53FC7AD917CC91030056E8DA /* owl.png */,
				53FC7ADA17CC91030056E8DA /* anglerfish.png */,
				53FC7ADB17CC91030056E8DA /* spirogyra.png */,
				5345D6A017CB57BE008D254C /* jellyfish.png */,
				53B7F5D517C74F140002FDF1 /* ameba.png */,
				53B7F5DD17C759440002FDF1 /* cat.png */,
				5316E34917C9C86F00C54CFA /* chicken.png */,
				53B7F5D917C751F00002FDF1 /* daphnia.png */,
				53B7F5DB17C755A00002FDF1 /* dog.png */,
				5345D69E17CB4D4E008D254C /* monkey.png */,
				535F87C417C8C46000E55444 /* fish.png */,
				5345D69C17CB4D09008D254C /* gorilla.png */,
				535F87C817C8C4CD00E55444 /* fly.png */,
				5316E34F17C9D72700C54CFA /* frog.png */,
				5366CFA717C8C84200294ABE /* ghost.png */,
				5345D69817CB4CF5008D254C /* human.png */,
				5316E34D17C9D61A00C54CFA /* ladybug.png */,
				5366CFAB17C8C9A700294ABE /* penguin.png */,
				53B7F5DF17C75CEB0002FDF1 /* pig.png */,
				53B7F5E317C767610002FDF1 /* snake.png */,
			);
			name = Image;
			sourceTree = "<group>";
		};
		53DA7B9717C4BE70009CD7A2 = {
			isa = PBXGroup;
			children = (
				53DA7BA217C4BE70009CD7A2 /* Frameworks */,
				53DA7BA917C4BE70009CD7A2 /* joggress */,
				53DA7BA117C4BE70009CD7A2 /* Products */,
			);
			sourceTree = "<group>";
		};
		53DA7BA117C4BE70009CD7A2 /* Products */ = {
			isa = PBXGroup;
			children = (
				53DA7BA017C4BE70009CD7A2 /* スマート宗教.app */,
			);
			name = Products;
			sourceTree = "<group>";
		};
		53DA7BA217C4BE70009CD7A2 /* Frameworks */ = {
			isa = PBXGroup;
			children = (
				537CEAA717C86FC6009CFCCC /* SenTestingKit.framework */,
				534D1EAF17CEFE36007F501F /* AudioToolbox.framework */,
				533FB14817CC660800E48EF6 /* AVFoundation.framework */,
				5345D69417CB2708008D254C /* Security.framework */,
				537CEAA517C86C9D009CFCCC /* CoreMotion.framework */,
				53DA7BA317C4BE70009CD7A2 /* UIKit.framework */,
				53DA7BA517C4BE70009CD7A2 /* Foundation.framework */,
				53DA7BC617C4BF16009CD7A2 /* GameKit.framework */,
				53DA7BA717C4BE70009CD7A2 /* CoreGraphics.framework */,
			);
			name = Frameworks;
			sourceTree = "<group>";
		};
		53DA7BA917C4BE70009CD7A2 /* joggress */ = {
			isa = PBXGroup;
			children = (
				53DA7BBB17C4BE70009CD7A2 /* MainStoryboard.storyboard */,
				53DA7BB217C4BE70009CD7A2 /* AppDelegate.h */,
				53DA7BB317C4BE70009CD7A2 /* AppDelegate.m */,
				53C8869017C5A6A500FC535A /* Avater.h */,
				53C8869117C5A6A500FC535A /* Avater.m */,
				5361671617C70194000E9B43 /* AvaterManagement.h */,
				5361671717C70195000E9B43 /* AvaterManagement.m */,
				5331FB2817C6153F00D90345 /* KGStatusBar.h */,
				5331FB2917C6153F00D90345 /* KGStatusBar.m */,
				53DA7BC817C4C744009CD7A2 /* ZissekiViewController.h */,
				53DA7BC917C4C744009CD7A2 /* ZissekiViewController.m */,
				53DA7BCB17C4CAE2009CD7A2 /* OinoriViewController.h */,
				53DA7BCC17C4CAE2009CD7A2 /* OinoriViewController.m */,
				537CEAA917C8788A009CFCCC /* ShakeCounter.h */,
				537CEAAA17C8788A009CFCCC /* ShakeCounter.m */,
				53DA7BBE17C4BE70009CD7A2 /* ViewController.h */,
				53DA7BBF17C4BE70009CD7A2 /* ViewController.m */,
				5345D68F17CB2536008D254C /* StreetPassCommunicator.h */,
				5345D69017CB2536008D254C /* StreetPassCommunicator.m */,
				5344E17517CF4033006158DE /* HelpViewController.h */,
				5344E17617CF4033006158DE /* HelpViewController.m */,
				5345D69217CB253F008D254C /* UIApplication+UIID.h */,
				5345D69617CB2CBF008D254C /* UIApplication+UIID.m */,
				533FB14317CC653B00E48EF6 /* AudioPlayer.h */,
				533FB14417CC655600E48EF6 /* AudioPlayer.m */,
				5301377817CD963F00BDA927 /* FirstViewController.h */,
				5301377917CD963F00BDA927 /* FirstViewController.m */,
				53FC7AE417CC919C0056E8DA /* avaterdata.csv */,
				5301377E17CDAA3400BDA927 /* zisseki.txt */,
				5361671517C6FE75000E9B43 /* Image */,
				53DA7BAA17C4BE70009CD7A2 /* Supporting Files */,
			);
			path = joggress;
			sourceTree = "<group>";
		};
		53DA7BAA17C4BE70009CD7A2 /* Supporting Files */ = {
			isa = PBXGroup;
			children = (
				534D1E9817CEE0B7007F501F /* misaki_gothic.ttf */,
				533FB14617CC656400E48EF6 /* 01min.mp3 */,
				53DA7BAB17C4BE70009CD7A2 /* joggress-Info.plist */,
				53DA7BAC17C4BE70009CD7A2 /* InfoPlist.strings */,
				53DA7BAF17C4BE70009CD7A2 /* main.m */,
				53DA7BB117C4BE70009CD7A2 /* joggress-Prefix.pch */,
				53DA7BB517C4BE70009CD7A2 /* Default.png */,
				53DA7BB717C4BE70009CD7A2 /* Default@2x.png */,
				53DA7BB917C4BE70009CD7A2 /* Default-568h@2x.png */,
			);
			name = "Supporting Files";
			sourceTree = "<group>";
		};
/* End PBXGroup section */

/* Begin PBXNativeTarget section */
		53DA7B9F17C4BE70009CD7A2 /* joggress */ = {
			isa = PBXNativeTarget;
			buildConfigurationList = 53DA7BC317C4BE70009CD7A2 /* Build configuration list for PBXNativeTarget "joggress" */;
			buildPhases = (
				53DA7B9C17C4BE70009CD7A2 /* Sources */,
				53DA7B9D17C4BE70009CD7A2 /* Frameworks */,
				53DA7B9E17C4BE70009CD7A2 /* Resources */,
			);
			buildRules = (
			);
			dependencies = (
			);
			name = joggress;
			productName = joggress;
			productReference = 53DA7BA017C4BE70009CD7A2 /* スマート宗教.app */;
			productType = "com.apple.product-type.application";
		};
/* End PBXNativeTarget section */

/* Begin PBXProject section */
		53DA7B9817C4BE70009CD7A2 /* Project object */ = {
			isa = PBXProject;
			attributes = {
				LastUpgradeCheck = 0460;
				ORGANIZATIONNAME = 0673nC;
			};
			buildConfigurationList = 53DA7B9B17C4BE70009CD7A2 /* Build configuration list for PBXProject "joggress" */;
			compatibilityVersion = "Xcode 3.2";
			developmentRegion = English;
			hasScannedForEncodings = 0;
			knownRegions = (
				en,
			);
			mainGroup = 53DA7B9717C4BE70009CD7A2;
			productRefGroup = 53DA7BA117C4BE70009CD7A2 /* Products */;
			projectDirPath = "";
			projectRoot = "";
			targets = (
				53DA7B9F17C4BE70009CD7A2 /* joggress */,
			);
		};
/* End PBXProject section */

/* Begin PBXResourcesBuildPhase section */
		53DA7B9E17C4BE70009CD7A2 /* Resources */ = {
			isa = PBXResourcesBuildPhase;
			buildActionMask = 2147483647;
			files = (
				53DA7BAE17C4BE70009CD7A2 /* InfoPlist.strings in Resources */,
				53DA7BB617C4BE70009CD7A2 /* Default.png in Resources */,
				53DA7BB817C4BE70009CD7A2 /* Default@2x.png in Resources */,
				53DA7BBA17C4BE70009CD7A2 /* Default-568h@2x.png in Resources */,
				53DA7BBD17C4BE70009CD7A2 /* MainStoryboard.storyboard in Resources */,
				53B7F5D617C74F140002FDF1 /* ameba.png in Resources */,
				53B7F5DA17C751F00002FDF1 /* daphnia.png in Resources */,
				53B7F5DC17C755A00002FDF1 /* dog.png in Resources */,
				53B7F5DE17C759440002FDF1 /* cat.png in Resources */,
				53B7F5E017C75CEB0002FDF1 /* pig.png in Resources */,
				53B7F5E417C767610002FDF1 /* snake.png in Resources */,
				535F87C517C8C46000E55444 /* fish.png in Resources */,
				535F87C917C8C4CD00E55444 /* fly.png in Resources */,
				5366CFA817C8C84200294ABE /* ghost.png in Resources */,
				5366CFAC17C8C9A700294ABE /* penguin.png in Resources */,
				5316E34A17C9C86F00C54CFA /* chicken.png in Resources */,
				5316E34E17C9D61A00C54CFA /* ladybug.png in Resources */,
				5316E35017C9D72800C54CFA /* frog.png in Resources */,
				5345D69917CB4CF5008D254C /* human.png in Resources */,
				5345D69D17CB4D09008D254C /* gorilla.png in Resources */,
				5345D69F17CB4D4E008D254C /* monkey.png in Resources */,
				5345D6A117CB57BE008D254C /* jellyfish.png in Resources */,
				533FB14717CC656400E48EF6 /* 01min.mp3 in Resources */,
				53FC7ADC17CC91030056E8DA /* angel.png in Resources */,
				53FC7ADD17CC91030056E8DA /* cockroach.png in Resources */,
				53FC7ADE17CC91030056E8DA /* lizard.png in Resources */,
				53FC7ADF17CC91030056E8DA /* pediastrum.png in Resources */,
				53FC7AE017CC91030056E8DA /* devil.png in Resources */,
				53FC7AE117CC91030056E8DA /* owl.png in Resources */,
				53FC7AE217CC91030056E8DA /* anglerfish.png in Resources */,
				53FC7AE317CC91030056E8DA /* spirogyra.png in Resources */,
				53FC7AE517CC919C0056E8DA /* avaterdata.csv in Resources */,
				5301377F17CDAA3400BDA927 /* zisseki.txt in Resources */,
				5301378117CDC85600BDA927 /* sestumei.png in Resources */,
				5301378517CDD6C400BDA927 /* jisseki_back.png in Resources */,
				5301378717CDF70400BDA927 /* oinori_back.png in Resources */,
				53173D6817CEDE6F009490E4 /* main_back.png in Resources */,
				534D1E9917CEE0B7007F501F /* misaki_gothic.ttf in Resources */,
				534D1EA517CEEEB2007F501F /* Icon-72.png in Resources */,
				534D1EA617CEEEB2007F501F /* Icon-72@2x.png in Resources */,
				534D1EA717CEEEB2007F501F /* Icon-Small-50.png in Resources */,
				534D1EA817CEEEB2007F501F /* Icon-Small-50@2x.png in Resources */,
				534D1EA917CEEEB2007F501F /* Icon-Small.png in Resources */,
				534D1EAA17CEEEB2007F501F /* Icon-Small@2x.png in Resources */,
				534D1EAB17CEEEB2007F501F /* Icon.png in Resources */,
				534D1EAC17CEEEB2007F501F /* Icon@2x.png in Resources */,
				534D1EAD17CEEEB2007F501F /* iTunesArtwork.png in Resources */,
				534D1EAE17CEEEB2007F501F /* iTunesArtwork@2x.png in Resources */,
			);
			runOnlyForDeploymentPostprocessing = 0;
		};
/* End PBXResourcesBuildPhase section */

/* Begin PBXSourcesBuildPhase section */
		53DA7B9C17C4BE70009CD7A2 /* Sources */ = {
			isa = PBXSourcesBuildPhase;
			buildActionMask = 2147483647;
			files = (
				53DA7BB017C4BE70009CD7A2 /* main.m in Sources */,
				53DA7BB417C4BE70009CD7A2 /* AppDelegate.m in Sources */,
				53DA7BC017C4BE70009CD7A2 /* ViewController.m in Sources */,
				53DA7BCA17C4C744009CD7A2 /* ZissekiViewController.m in Sources */,
				53DA7BCD17C4CAE2009CD7A2 /* OinoriViewController.m in Sources */,
				53C8869217C5A6A500FC535A /* Avater.m in Sources */,
				5331FB2A17C6153F00D90345 /* KGStatusBar.m in Sources */,
				5361671817C70195000E9B43 /* AvaterManagement.m in Sources */,
				537CEAAB17C8788A009CFCCC /* ShakeCounter.m in Sources */,
				5345D69117CB2536008D254C /* StreetPassCommunicator.m in Sources */,
				5345D69717CB2CBF008D254C /* UIApplication+UIID.m in Sources */,
				533FB14517CC655600E48EF6 /* AudioPlayer.m in Sources */,
				5301377A17CD963F00BDA927 /* FirstViewController.m in Sources */,
				5344E17717CF4033006158DE /* HelpViewController.m in Sources */,
			);
			runOnlyForDeploymentPostprocessing = 0;
		};
/* End PBXSourcesBuildPhase section */

/* Begin PBXVariantGroup section */
		53DA7BAC17C4BE70009CD7A2 /* InfoPlist.strings */ = {
			isa = PBXVariantGroup;
			children = (
				53DA7BAD17C4BE70009CD7A2 /* en */,
			);
			name = InfoPlist.strings;
			sourceTree = "<group>";
		};
		53DA7BBB17C4BE70009CD7A2 /* MainStoryboard.storyboard */ = {
			isa = PBXVariantGroup;
			children = (
				53DA7BBC17C4BE70009CD7A2 /* en */,
			);
			name = MainStoryboard.storyboard;
			sourceTree = "<group>";
		};
/* End PBXVariantGroup section */

/* Begin XCBuildConfiguration section */
		53DA7BC117C4BE70009CD7A2 /* Debug */ = {
			isa = XCBuildConfiguration;
			buildSettings = {
				ALWAYS_SEARCH_USER_PATHS = NO;
				CLANG_CXX_LANGUAGE_STANDARD = "gnu++0x";
				CLANG_CXX_LIBRARY = "libc++";
				CLANG_ENABLE_OBJC_ARC = YES;
				CLANG_WARN_CONSTANT_CONVERSION = YES;
				CLANG_WARN_EMPTY_BODY = YES;
				CLANG_WARN_ENUM_CONVERSION = YES;
				CLANG_WARN_INT_CONVERSION = YES;
				CLANG_WARN__DUPLICATE_METHOD_MATCH = YES;
				"CODE_SIGN_IDENTITY[sdk=iphoneos*]" = "iPhone Developer";
				COPY_PHASE_STRIP = NO;
				GCC_C_LANGUAGE_STANDARD = gnu99;
				GCC_DYNAMIC_NO_PIC = NO;
				GCC_OPTIMIZATION_LEVEL = 0;
				GCC_PREPROCESSOR_DEFINITIONS = (
					"DEBUG=1",
					"$(inherited)",
				);
				GCC_SYMBOLS_PRIVATE_EXTERN = NO;
				GCC_WARN_ABOUT_RETURN_TYPE = YES;
				GCC_WARN_UNINITIALIZED_AUTOS = YES;
				GCC_WARN_UNUSED_VARIABLE = YES;
				IPHONEOS_DEPLOYMENT_TARGET = 6.1;
				ONLY_ACTIVE_ARCH = YES;
				SDKROOT = iphoneos;
			};
			name = Debug;
		};
		53DA7BC217C4BE70009CD7A2 /* Release */ = {
			isa = XCBuildConfiguration;
			buildSettings = {
				ALWAYS_SEARCH_USER_PATHS = NO;
				CLANG_CXX_LANGUAGE_STANDARD = "gnu++0x";
				CLANG_CXX_LIBRARY = "libc++";
				CLANG_ENABLE_OBJC_ARC = YES;
				CLANG_WARN_CONSTANT_CONVERSION = YES;
				CLANG_WARN_EMPTY_BODY = YES;
				CLANG_WARN_ENUM_CONVERSION = YES;
				CLANG_WARN_INT_CONVERSION = YES;
				CLANG_WARN__DUPLICATE_METHOD_MATCH = YES;
				"CODE_SIGN_IDENTITY[sdk=iphoneos*]" = "iPhone Developer";
				COPY_PHASE_STRIP = YES;
				GCC_C_LANGUAGE_STANDARD = gnu99;
				GCC_WARN_ABOUT_RETURN_TYPE = YES;
				GCC_WARN_UNINITIALIZED_AUTOS = YES;
				GCC_WARN_UNUSED_VARIABLE = YES;
				IPHONEOS_DEPLOYMENT_TARGET = 6.1;
				OTHER_CFLAGS = "-DNS_BLOCK_ASSERTIONS=1";
				SDKROOT = iphoneos;
				VALIDATE_PRODUCT = YES;
			};
			name = Release;
		};
		53DA7BC417C4BE70009CD7A2 /* Debug */ = {
			isa = XCBuildConfiguration;
			buildSettings = {
				CLANG_ENABLE_OBJC_ARC = YES;
				CODE_SIGN_IDENTITY = "iPhone Developer: Hiroyuki Nakazumi (KBM4WH8VVM)";
				"CODE_SIGN_IDENTITY[sdk=iphoneos*]" = "iPhone Developer: Hiroyuki Nakazumi (KBM4WH8VVM)";
				FRAMEWORK_SEARCH_PATHS = (
					"$(inherited)",
					"\"$(SYSTEM_APPS_DIR)/Xcode.app/Contents/Developer/Library/Frameworks\"",
				);
				GCC_PRECOMPILE_PREFIX_HEADER = YES;
				GCC_PREFIX_HEADER = "joggress/joggress-Prefix.pch";
				INFOPLIST_FILE = "joggress/joggress-Info.plist";
				IPHONEOS_DEPLOYMENT_TARGET = 6.1;
				PRODUCT_NAME = "スマート宗教";
				PROVISIONING_PROFILE = "AA929A77-6D15-4A00-B515-133AD8DEB6D2";
				"PROVISIONING_PROFILE[sdk=iphoneos*]" = "AA929A77-6D15-4A00-B515-133AD8DEB6D2";
				TARGETED_DEVICE_FAMILY = 1;
				WRAPPER_EXTENSION = app;
			};
			name = Debug;
		};
		53DA7BC517C4BE70009CD7A2 /* Release */ = {
			isa = XCBuildConfiguration;
			buildSettings = {
				CLANG_ENABLE_OBJC_ARC = YES;
				CODE_SIGN_IDENTITY = "iPhone Developer: Hiroyuki Nakazumi (KBM4WH8VVM)";
				"CODE_SIGN_IDENTITY[sdk=iphoneos*]" = "iPhone Developer: Hiroyuki Nakazumi (KBM4WH8VVM)";
				FRAMEWORK_SEARCH_PATHS = (
					"$(inherited)",
					"\"$(SYSTEM_APPS_DIR)/Xcode.app/Contents/Developer/Library/Frameworks\"",
				);
				GCC_PRECOMPILE_PREFIX_HEADER = YES;
				GCC_PREFIX_HEADER = "joggress/joggress-Prefix.pch";
				INFOPLIST_FILE = "joggress/joggress-Info.plist";
				IPHONEOS_DEPLOYMENT_TARGET = 6.1;
				ONLY_ACTIVE_ARCH = NO;
				PRODUCT_NAME = "スマート宗教";
				PROVISIONING_PROFILE = "AA929A77-6D15-4A00-B515-133AD8DEB6D2";
				"PROVISIONING_PROFILE[sdk=iphoneos*]" = "AA929A77-6D15-4A00-B515-133AD8DEB6D2";
				TARGETED_DEVICE_FAMILY = 1;
				WRAPPER_EXTENSION = app;
			};
			name = Release;
		};
/* End XCBuildConfiguration section */

/* Begin XCConfigurationList section */
		53DA7B9B17C4BE70009CD7A2 /* Build configuration list for PBXProject "joggress" */ = {
			isa = XCConfigurationList;
			buildConfigurations = (
				53DA7BC117C4BE70009CD7A2 /* Debug */,
				53DA7BC217C4BE70009CD7A2 /* Release */,
			);
			defaultConfigurationIsVisible = 0;
			defaultConfigurationName = Release;
		};
		53DA7BC317C4BE70009CD7A2 /* Build configuration list for PBXNativeTarget "joggress" */ = {
			isa = XCConfigurationList;
			buildConfigurations = (
				53DA7BC417C4BE70009CD7A2 /* Debug */,
				53DA7BC517C4BE70009CD7A2 /* Release */,
			);
			defaultConfigurationIsVisible = 0;
			defaultConfigurationName = Release;
		};
/* End XCConfigurationList section */
	};
	rootObject = 53DA7B9817C4BE70009CD7A2 /* Project object */;
}
