// !$*UTF8*$!
{
	archiveVersion = 1;
	classes = {
	};
	objectVersion = 46;
	objects = {

/* Begin PBXBuildFile section */
		43721EE517C7318A0089F627 /* UIKit.framework in Frameworks */ = {isa = PBXBuildFile; fileRef = 43721EE417C7318A0089F627 /* UIKit.framework */; };
		43721EE717C7318A0089F627 /* Foundation.framework in Frameworks */ = {isa = PBXBuildFile; fileRef = 43721EE617C7318A0089F627 /* Foundation.framework */; };
		43721EE917C7318A0089F627 /* CoreGraphics.framework in Frameworks */ = {isa = PBXBuildFile; fileRef = 43721EE817C7318A0089F627 /* CoreGraphics.framework */; };
		43721EEF17C7318A0089F627 /* InfoPlist.strings in Resources */ = {isa = PBXBuildFile; fileRef = 43721EED17C7318A0089F627 /* InfoPlist.strings */; };
		43721EF117C7318A0089F627 /* main.m in Sources */ = {isa = PBXBuildFile; fileRef = 43721EF017C7318A0089F627 /* main.m */; };
		43721EF517C7318A0089F627 /* AppDelegate.m in Sources */ = {isa = PBXBuildFile; fileRef = 43721EF417C7318A0089F627 /* AppDelegate.m */; };
		43721EF717C7318A0089F627 /* Default.png in Resources */ = {isa = PBXBuildFile; fileRef = 43721EF617C7318A0089F627 /* Default.png */; };
		43721EF917C7318A0089F627 /* Default@2x.png in Resources */ = {isa = PBXBuildFile; fileRef = 43721EF817C7318A0089F627 /* Default@2x.png */; };
		43721EFB17C7318A0089F627 /* Default-568h@2x.png in Resources */ = {isa = PBXBuildFile; fileRef = 43721EFA17C7318A0089F627 /* Default-568h@2x.png */; };
		43721EFE17C7318B0089F627 /* MainStoryboard.storyboard in Resources */ = {isa = PBXBuildFile; fileRef = 43721EFC17C7318B0089F627 /* MainStoryboard.storyboard */; };
		43721F0117C7318B0089F627 /* ViewController.m in Sources */ = {isa = PBXBuildFile; fileRef = 43721F0017C7318B0089F627 /* ViewController.m */; };
		43721F0917C7318B0089F627 /* SenTestingKit.framework in Frameworks */ = {isa = PBXBuildFile; fileRef = 43721F0817C7318B0089F627 /* SenTestingKit.framework */; };
		43721F0A17C7318B0089F627 /* UIKit.framework in Frameworks */ = {isa = PBXBuildFile; fileRef = 43721EE417C7318A0089F627 /* UIKit.framework */; };
		43721F0B17C7318B0089F627 /* Foundation.framework in Frameworks */ = {isa = PBXBuildFile; fileRef = 43721EE617C7318A0089F627 /* Foundation.framework */; };
		43721F1317C7318B0089F627 /* InfoPlist.strings in Resources */ = {isa = PBXBuildFile; fileRef = 43721F1117C7318B0089F627 /* InfoPlist.strings */; };
		43721F1617C7318B0089F627 /* huga_ippeiTests.m in Sources */ = {isa = PBXBuildFile; fileRef = 43721F1517C7318B0089F627 /* huga_ippeiTests.m */; };
		43721F2017C731D00089F627 /* GameKit.framework in Frameworks */ = {isa = PBXBuildFile; fileRef = 43721F1F17C731D00089F627 /* GameKit.framework */; };
		43721F2317C739320089F627 /* StreetPassCommunicator.m in Sources */ = {isa = PBXBuildFile; fileRef = 43721F2217C739320089F627 /* StreetPassCommunicator.m */; };
/* End PBXBuildFile section */

/* Begin PBXContainerItemProxy section */
		43721F0C17C7318B0089F627 /* PBXContainerItemProxy */ = {
			isa = PBXContainerItemProxy;
			containerPortal = 43721ED917C7318A0089F627 /* Project object */;
			proxyType = 1;
			remoteGlobalIDString = 43721EE017C7318A0089F627;
			remoteInfo = huga_ippei;
		};
/* End PBXContainerItemProxy section */

/* Begin PBXFileReference section */
		43721EE117C7318A0089F627 /* huga_ippei.app */ = {isa = PBXFileReference; explicitFileType = wrapper.application; includeInIndex = 0; path = huga_ippei.app; sourceTree = BUILT_PRODUCTS_DIR; };
		43721EE417C7318A0089F627 /* UIKit.framework */ = {isa = PBXFileReference; lastKnownFileType = wrapper.framework; name = UIKit.framework; path = System/Library/Frameworks/UIKit.framework; sourceTree = SDKROOT; };
		43721EE617C7318A0089F627 /* Foundation.framework */ = {isa = PBXFileReference; lastKnownFileType = wrapper.framework; name = Foundation.framework; path = System/Library/Frameworks/Foundation.framework; sourceTree = SDKROOT; };
		43721EE817C7318A0089F627 /* CoreGraphics.framework */ = {isa = PBXFileReference; lastKnownFileType = wrapper.framework; name = CoreGraphics.framework; path = System/Library/Frameworks/CoreGraphics.framework; sourceTree = SDKROOT; };
		43721EEC17C7318A0089F627 /* huga_ippei-Info.plist */ = {isa = PBXFileReference; lastKnownFileType = text.plist.xml; path = "huga_ippei-Info.plist"; sourceTree = "<group>"; };
		43721EEE17C7318A0089F627 /* en */ = {isa = PBXFileReference; lastKnownFileType = text.plist.strings; name = en; path = en.lproj/InfoPlist.strings; sourceTree = "<group>"; };
		43721EF017C7318A0089F627 /* main.m */ = {isa = PBXFileReference; lastKnownFileType = sourcecode.c.objc; path = main.m; sourceTree = "<group>"; };
		43721EF217C7318A0089F627 /* huga_ippei-Prefix.pch */ = {isa = PBXFileReference; lastKnownFileType = sourcecode.c.h; path = "huga_ippei-Prefix.pch"; sourceTree = "<group>"; };
		43721EF317C7318A0089F627 /* AppDelegate.h */ = {isa = PBXFileReference; lastKnownFileType = sourcecode.c.h; path = AppDelegate.h; sourceTree = "<group>"; };
		43721EF417C7318A0089F627 /* AppDelegate.m */ = {isa = PBXFileReference; lastKnownFileType = sourcecode.c.objc; path = AppDelegate.m; sourceTree = "<group>"; };
		43721EF617C7318A0089F627 /* Default.png */ = {isa = PBXFileReference; lastKnownFileType = image.png; path = Default.png; sourceTree = "<group>"; };
		43721EF817C7318A0089F627 /* Default@2x.png */ = {isa = PBXFileReference; lastKnownFileType = image.png; path = "Default@2x.png"; sourceTree = "<group>"; };
		43721EFA17C7318A0089F627 /* Default-568h@2x.png */ = {isa = PBXFileReference; lastKnownFileType = image.png; path = "Default-568h@2x.png"; sourceTree = "<group>"; };
		43721EFD17C7318B0089F627 /* en */ = {isa = PBXFileReference; lastKnownFileType = file.storyboard; name = en; path = en.lproj/MainStoryboard.storyboard; sourceTree = "<group>"; };
		43721EFF17C7318B0089F627 /* ViewController.h */ = {isa = PBXFileReference; lastKnownFileType = sourcecode.c.h; path = ViewController.h; sourceTree = "<group>"; };
		43721F0017C7318B0089F627 /* ViewController.m */ = {isa = PBXFileReference; lastKnownFileType = sourcecode.c.objc; path = ViewController.m; sourceTree = "<group>"; };
		43721F0717C7318B0089F627 /* huga_ippeiTests.octest */ = {isa = PBXFileReference; explicitFileType = wrapper.cfbundle; includeInIndex = 0; path = huga_ippeiTests.octest; sourceTree = BUILT_PRODUCTS_DIR; };
		43721F0817C7318B0089F627 /* SenTestingKit.framework */ = {isa = PBXFileReference; lastKnownFileType = wrapper.framework; name = SenTestingKit.framework; path = Library/Frameworks/SenTestingKit.framework; sourceTree = DEVELOPER_DIR; };
		43721F1017C7318B0089F627 /* huga_ippeiTests-Info.plist */ = {isa = PBXFileReference; lastKnownFileType = text.plist.xml; path = "huga_ippeiTests-Info.plist"; sourceTree = "<group>"; };
		43721F1217C7318B0089F627 /* en */ = {isa = PBXFileReference; lastKnownFileType = text.plist.strings; name = en; path = en.lproj/InfoPlist.strings; sourceTree = "<group>"; };
		43721F1417C7318B0089F627 /* huga_ippeiTests.h */ = {isa = PBXFileReference; lastKnownFileType = sourcecode.c.h; path = huga_ippeiTests.h; sourceTree = "<group>"; };
		43721F1517C7318B0089F627 /* huga_ippeiTests.m */ = {isa = PBXFileReference; lastKnownFileType = sourcecode.c.objc; path = huga_ippeiTests.m; sourceTree = "<group>"; };
		43721F1F17C731D00089F627 /* GameKit.framework */ = {isa = PBXFileReference; lastKnownFileType = wrapper.framework; name = GameKit.framework; path = System/Library/Frameworks/GameKit.framework; sourceTree = SDKROOT; };
		43721F2117C739320089F627 /* StreetPassCommunicator.h */ = {isa = PBXFileReference; fileEncoding = 4; lastKnownFileType = sourcecode.c.h; path = StreetPassCommunicator.h; sourceTree = "<group>"; };
		43721F2217C739320089F627 /* StreetPassCommunicator.m */ = {isa = PBXFileReference; fileEncoding = 4; lastKnownFileType = sourcecode.c.objc; path = StreetPassCommunicator.m; sourceTree = "<group>"; };
/* End PBXFileReference section */

/* Begin PBXFrameworksBuildPhase section */
		43721EDE17C7318A0089F627 /* Frameworks */ = {
			isa = PBXFrameworksBuildPhase;
			buildActionMask = 2147483647;
			files = (
				43721F2017C731D00089F627 /* GameKit.framework in Frameworks */,
				43721EE517C7318A0089F627 /* UIKit.framework in Frameworks */,
				43721EE717C7318A0089F627 /* Foundation.framework in Frameworks */,
				43721EE917C7318A0089F627 /* CoreGraphics.framework in Frameworks */,
			);
			runOnlyForDeploymentPostprocessing = 0;
		};
		43721F0317C7318B0089F627 /* Frameworks */ = {
			isa = PBXFrameworksBuildPhase;
			buildActionMask = 2147483647;
			files = (
				43721F0917C7318B0089F627 /* SenTestingKit.framework in Frameworks */,
				43721F0A17C7318B0089F627 /* UIKit.framework in Frameworks */,
				43721F0B17C7318B0089F627 /* Foundation.framework in Frameworks */,
			);
			runOnlyForDeploymentPostprocessing = 0;
		};
/* End PBXFrameworksBuildPhase section */

/* Begin PBXGroup section */
		43721ED817C7318A0089F627 = {
			isa = PBXGroup;
			children = (
				43721EEA17C7318A0089F627 /* huga_ippei */,
				43721F0E17C7318B0089F627 /* huga_ippeiTests */,
				43721EE317C7318A0089F627 /* Frameworks */,
				43721EE217C7318A0089F627 /* Products */,
			);
			sourceTree = "<group>";
		};
		43721EE217C7318A0089F627 /* Products */ = {
			isa = PBXGroup;
			children = (
				43721EE117C7318A0089F627 /* huga_ippei.app */,
				43721F0717C7318B0089F627 /* huga_ippeiTests.octest */,
			);
			name = Products;
			sourceTree = "<group>";
		};
		43721EE317C7318A0089F627 /* Frameworks */ = {
			isa = PBXGroup;
			children = (
				43721F1F17C731D00089F627 /* GameKit.framework */,
				43721EE417C7318A0089F627 /* UIKit.framework */,
				43721EE617C7318A0089F627 /* Foundation.framework */,
				43721EE817C7318A0089F627 /* CoreGraphics.framework */,
				43721F0817C7318B0089F627 /* SenTestingKit.framework */,
			);
			name = Frameworks;
			sourceTree = "<group>";
		};
		43721EEA17C7318A0089F627 /* huga_ippei */ = {
			isa = PBXGroup;
			children = (
				43721EF317C7318A0089F627 /* AppDelegate.h */,
				43721EF417C7318A0089F627 /* AppDelegate.m */,
				43721EFC17C7318B0089F627 /* MainStoryboard.storyboard */,
				43721EFF17C7318B0089F627 /* ViewController.h */,
				43721F0017C7318B0089F627 /* ViewController.m */,
				43721F2117C739320089F627 /* StreetPassCommunicator.h */,
				43721F2217C739320089F627 /* StreetPassCommunicator.m */,
				43721EEB17C7318A0089F627 /* Supporting Files */,
			);
			path = huga_ippei;
			sourceTree = "<group>";
		};
		43721EEB17C7318A0089F627 /* Supporting Files */ = {
			isa = PBXGroup;
			children = (
				43721EEC17C7318A0089F627 /* huga_ippei-Info.plist */,
				43721EED17C7318A0089F627 /* InfoPlist.strings */,
				43721EF017C7318A0089F627 /* main.m */,
				43721EF217C7318A0089F627 /* huga_ippei-Prefix.pch */,
				43721EF617C7318A0089F627 /* Default.png */,
				43721EF817C7318A0089F627 /* Default@2x.png */,
				43721EFA17C7318A0089F627 /* Default-568h@2x.png */,
			);
			name = "Supporting Files";
			sourceTree = "<group>";
		};
		43721F0E17C7318B0089F627 /* huga_ippeiTests */ = {
			isa = PBXGroup;
			children = (
				43721F1417C7318B0089F627 /* huga_ippeiTests.h */,
				43721F1517C7318B0089F627 /* huga_ippeiTests.m */,
				43721F0F17C7318B0089F627 /* Supporting Files */,
			);
			path = huga_ippeiTests;
			sourceTree = "<group>";
		};
		43721F0F17C7318B0089F627 /* Supporting Files */ = {
			isa = PBXGroup;
			children = (
				43721F1017C7318B0089F627 /* huga_ippeiTests-Info.plist */,
				43721F1117C7318B0089F627 /* InfoPlist.strings */,
			);
			name = "Supporting Files";
			sourceTree = "<group>";
		};
/* End PBXGroup section */

/* Begin PBXNativeTarget section */
		43721EE017C7318A0089F627 /* huga_ippei */ = {
			isa = PBXNativeTarget;
			buildConfigurationList = 43721F1917C7318B0089F627 /* Build configuration list for PBXNativeTarget "huga_ippei" */;
			buildPhases = (
				43721EDD17C7318A0089F627 /* Sources */,
				43721EDE17C7318A0089F627 /* Frameworks */,
				43721EDF17C7318A0089F627 /* Resources */,
			);
			buildRules = (
			);
			dependencies = (
			);
			name = huga_ippei;
			productName = huga_ippei;
			productReference = 43721EE117C7318A0089F627 /* huga_ippei.app */;
			productType = "com.apple.product-type.application";
		};
		43721F0617C7318B0089F627 /* huga_ippeiTests */ = {
			isa = PBXNativeTarget;
			buildConfigurationList = 43721F1C17C7318B0089F627 /* Build configuration list for PBXNativeTarget "huga_ippeiTests" */;
			buildPhases = (
				43721F0217C7318B0089F627 /* Sources */,
				43721F0317C7318B0089F627 /* Frameworks */,
				43721F0417C7318B0089F627 /* Resources */,
				43721F0517C7318B0089F627 /* ShellScript */,
			);
			buildRules = (
			);
			dependencies = (
				43721F0D17C7318B0089F627 /* PBXTargetDependency */,
			);
			name = huga_ippeiTests;
			productName = huga_ippeiTests;
			productReference = 43721F0717C7318B0089F627 /* huga_ippeiTests.octest */;
			productType = "com.apple.product-type.bundle";
		};
/* End PBXNativeTarget section */

/* Begin PBXProject section */
		43721ED917C7318A0089F627 /* Project object */ = {
			isa = PBXProject;
			attributes = {
				LastUpgradeCheck = 0460;
				ORGANIZATIONNAME = techcamp;
			};
			buildConfigurationList = 43721EDC17C7318A0089F627 /* Build configuration list for PBXProject "huga_ippei" */;
			compatibilityVersion = "Xcode 3.2";
			developmentRegion = English;
			hasScannedForEncodings = 0;
			knownRegions = (
				en,
			);
			mainGroup = 43721ED817C7318A0089F627;
			productRefGroup = 43721EE217C7318A0089F627 /* Products */;
			projectDirPath = "";
			projectRoot = "";
			targets = (
				43721EE017C7318A0089F627 /* huga_ippei */,
				43721F0617C7318B0089F627 /* huga_ippeiTests */,
			);
		};
/* End PBXProject section */

/* Begin PBXResourcesBuildPhase section */
		43721EDF17C7318A0089F627 /* Resources */ = {
			isa = PBXResourcesBuildPhase;
			buildActionMask = 2147483647;
			files = (
				43721EEF17C7318A0089F627 /* InfoPlist.strings in Resources */,
				43721EF717C7318A0089F627 /* Default.png in Resources */,
				43721EF917C7318A0089F627 /* Default@2x.png in Resources */,
				43721EFB17C7318A0089F627 /* Default-568h@2x.png in Resources */,
				43721EFE17C7318B0089F627 /* MainStoryboard.storyboard in Resources */,
			);
			runOnlyForDeploymentPostprocessing = 0;
		};
		43721F0417C7318B0089F627 /* Resources */ = {
			isa = PBXResourcesBuildPhase;
			buildActionMask = 2147483647;
			files = (
				43721F1317C7318B0089F627 /* InfoPlist.strings in Resources */,
			);
			runOnlyForDeploymentPostprocessing = 0;
		};
/* End PBXResourcesBuildPhase section */

/* Begin PBXShellScriptBuildPhase section */
		43721F0517C7318B0089F627 /* ShellScript */ = {
			isa = PBXShellScriptBuildPhase;
			buildActionMask = 2147483647;
			files = (
			);
			inputPaths = (
			);
			outputPaths = (
			);
			runOnlyForDeploymentPostprocessing = 0;
			shellPath = /bin/sh;
			shellScript = "# Run the unit tests in this test bundle.\n\"${SYSTEM_DEVELOPER_DIR}/Tools/RunUnitTests\"\n";
		};
/* End PBXShellScriptBuildPhase section */

/* Begin PBXSourcesBuildPhase section */
		43721EDD17C7318A0089F627 /* Sources */ = {
			isa = PBXSourcesBuildPhase;
			buildActionMask = 2147483647;
			files = (
				43721EF117C7318A0089F627 /* main.m in Sources */,
				43721EF517C7318A0089F627 /* AppDelegate.m in Sources */,
				43721F0117C7318B0089F627 /* ViewController.m in Sources */,
				43721F2317C739320089F627 /* StreetPassCommunicator.m in Sources */,
			);
			runOnlyForDeploymentPostprocessing = 0;
		};
		43721F0217C7318B0089F627 /* Sources */ = {
			isa = PBXSourcesBuildPhase;
			buildActionMask = 2147483647;
			files = (
				43721F1617C7318B0089F627 /* huga_ippeiTests.m in Sources */,
			);
			runOnlyForDeploymentPostprocessing = 0;
		};
/* End PBXSourcesBuildPhase section */

/* Begin PBXTargetDependency section */
		43721F0D17C7318B0089F627 /* PBXTargetDependency */ = {
			isa = PBXTargetDependency;
			target = 43721EE017C7318A0089F627 /* huga_ippei */;
			targetProxy = 43721F0C17C7318B0089F627 /* PBXContainerItemProxy */;
		};
/* End PBXTargetDependency section */

/* Begin PBXVariantGroup section */
		43721EED17C7318A0089F627 /* InfoPlist.strings */ = {
			isa = PBXVariantGroup;
			children = (
				43721EEE17C7318A0089F627 /* en */,
			);
			name = InfoPlist.strings;
			sourceTree = "<group>";
		};
		43721EFC17C7318B0089F627 /* MainStoryboard.storyboard */ = {
			isa = PBXVariantGroup;
			children = (
				43721EFD17C7318B0089F627 /* en */,
			);
			name = MainStoryboard.storyboard;
			sourceTree = "<group>";
		};
		43721F1117C7318B0089F627 /* InfoPlist.strings */ = {
			isa = PBXVariantGroup;
			children = (
				43721F1217C7318B0089F627 /* en */,
			);
			name = InfoPlist.strings;
			sourceTree = "<group>";
		};
/* End PBXVariantGroup section */

/* Begin XCBuildConfiguration section */
		43721F1717C7318B0089F627 /* Debug */ = {
			isa = XCBuildConfiguration;
			buildSettings = {
				ALWAYS_SEARCH_USER_PATHS = NO;
				CLANG_CXX_LANGUAGE_STANDARD = "gnu++0x";
				CLANG_CXX_LIBRARY = "libc++";
				CLANG_WARN_CONSTANT_CONVERSION = YES;
				CLANG_WARN_EMPTY_BODY = YES;
				CLANG_WARN_ENUM_CONVERSION = YES;
				CLANG_WARN_INT_CONVERSION = YES;
				CLANG_WARN__DUPLICATE_METHOD_MATCH = YES;
				"CODE_SIGN_IDENTITY[sdk=iphoneos*]" = "iPhone Developer";
				COPY_PHASE_STRIP = NO;
				GCC_C_LANGUAGE_STANDARD = gnu99;
				GCC_DYNAMIC_NO_PIC = NO;
				GCC_OPTIMIZATION_LEVEL = 0;
				GCC_PREPROCESSOR_DEFINITIONS = (
					"DEBUG=1",
					"$(inherited)",
				);
				GCC_SYMBOLS_PRIVATE_EXTERN = NO;
				GCC_WARN_ABOUT_RETURN_TYPE = YES;
				GCC_WARN_UNINITIALIZED_AUTOS = YES;
				GCC_WARN_UNUSED_VARIABLE = YES;
				IPHONEOS_DEPLOYMENT_TARGET = 6.1;
				ONLY_ACTIVE_ARCH = YES;
				SDKROOT = iphoneos;
			};
			name = Debug;
		};
		43721F1817C7318B0089F627 /* Release */ = {
			isa = XCBuildConfiguration;
			buildSettings = {
				ALWAYS_SEARCH_USER_PATHS = NO;
				CLANG_CXX_LANGUAGE_STANDARD = "gnu++0x";
				CLANG_CXX_LIBRARY = "libc++";
				CLANG_WARN_CONSTANT_CONVERSION = YES;
				CLANG_WARN_EMPTY_BODY = YES;
				CLANG_WARN_ENUM_CONVERSION = YES;
				CLANG_WARN_INT_CONVERSION = YES;
				CLANG_WARN__DUPLICATE_METHOD_MATCH = YES;
				"CODE_SIGN_IDENTITY[sdk=iphoneos*]" = "iPhone Developer";
				COPY_PHASE_STRIP = YES;
				GCC_C_LANGUAGE_STANDARD = gnu99;
				GCC_WARN_ABOUT_RETURN_TYPE = YES;
				GCC_WARN_UNINITIALIZED_AUTOS = YES;
				GCC_WARN_UNUSED_VARIABLE = YES;
				IPHONEOS_DEPLOYMENT_TARGET = 6.1;
				OTHER_CFLAGS = "-DNS_BLOCK_ASSERTIONS=1";
				SDKROOT = iphoneos;
				VALIDATE_PRODUCT = YES;
			};
			name = Release;
		};
		43721F1A17C7318B0089F627 /* Debug */ = {
			isa = XCBuildConfiguration;
			buildSettings = {
				GCC_PRECOMPILE_PREFIX_HEADER = YES;
				GCC_PREFIX_HEADER = "huga_ippei/huga_ippei-Prefix.pch";
				INFOPLIST_FILE = "huga_ippei/huga_ippei-Info.plist";
				PRODUCT_NAME = "$(TARGET_NAME)";
				WRAPPER_EXTENSION = app;
			};
			name = Debug;
		};
		43721F1B17C7318B0089F627 /* Release */ = {
			isa = XCBuildConfiguration;
			buildSettings = {
				GCC_PRECOMPILE_PREFIX_HEADER = YES;
				GCC_PREFIX_HEADER = "huga_ippei/huga_ippei-Prefix.pch";
				INFOPLIST_FILE = "huga_ippei/huga_ippei-Info.plist";
				PRODUCT_NAME = "$(TARGET_NAME)";
				WRAPPER_EXTENSION = app;
			};
			name = Release;
		};
		43721F1D17C7318B0089F627 /* Debug */ = {
			isa = XCBuildConfiguration;
			buildSettings = {
				BUNDLE_LOADER = "$(BUILT_PRODUCTS_DIR)/huga_ippei.app/huga_ippei";
				FRAMEWORK_SEARCH_PATHS = (
					"\"$(SDKROOT)/Developer/Library/Frameworks\"",
					"\"$(DEVELOPER_LIBRARY_DIR)/Frameworks\"",
				);
				GCC_PRECOMPILE_PREFIX_HEADER = YES;
				GCC_PREFIX_HEADER = "huga_ippei/huga_ippei-Prefix.pch";
				INFOPLIST_FILE = "huga_ippeiTests/huga_ippeiTests-Info.plist";
				PRODUCT_NAME = "$(TARGET_NAME)";
				TEST_HOST = "$(BUNDLE_LOADER)";
				WRAPPER_EXTENSION = octest;
			};
			name = Debug;
		};
		43721F1E17C7318B0089F627 /* Release */ = {
			isa = XCBuildConfiguration;
			buildSettings = {
				BUNDLE_LOADER = "$(BUILT_PRODUCTS_DIR)/huga_ippei.app/huga_ippei";
				FRAMEWORK_SEARCH_PATHS = (
					"\"$(SDKROOT)/Developer/Library/Frameworks\"",
					"\"$(DEVELOPER_LIBRARY_DIR)/Frameworks\"",
				);
				GCC_PRECOMPILE_PREFIX_HEADER = YES;
				GCC_PREFIX_HEADER = "huga_ippei/huga_ippei-Prefix.pch";
				INFOPLIST_FILE = "huga_ippeiTests/huga_ippeiTests-Info.plist";
				PRODUCT_NAME = "$(TARGET_NAME)";
				TEST_HOST = "$(BUNDLE_LOADER)";
				WRAPPER_EXTENSION = octest;
			};
			name = Release;
		};
/* End XCBuildConfiguration section */

/* Begin XCConfigurationList section */
		43721EDC17C7318A0089F627 /* Build configuration list for PBXProject "huga_ippei" */ = {
			isa = XCConfigurationList;
			buildConfigurations = (
				43721F1717C7318B0089F627 /* Debug */,
				43721F1817C7318B0089F627 /* Release */,
			);
			defaultConfigurationIsVisible = 0;
			defaultConfigurationName = Release;
		};
		43721F1917C7318B0089F627 /* Build configuration list for PBXNativeTarget "huga_ippei" */ = {
			isa = XCConfigurationList;
			buildConfigurations = (
				43721F1A17C7318B0089F627 /* Debug */,
				43721F1B17C7318B0089F627 /* Release */,
			);
			defaultConfigurationIsVisible = 0;
			defaultConfigurationName = Release;
		};
		43721F1C17C7318B0089F627 /* Build configuration list for PBXNativeTarget "huga_ippeiTests" */ = {
			isa = XCConfigurationList;
			buildConfigurations = (
				43721F1D17C7318B0089F627 /* Debug */,
				43721F1E17C7318B0089F627 /* Release */,
			);
			defaultConfigurationIsVisible = 0;
			defaultConfigurationName = Release;
		};
/* End XCConfigurationList section */
	};
	rootObject = 43721ED917C7318A0089F627 /* Project object */;
}
