// !$*UTF8*$!
{
	archiveVersion = 1;
	classes = {
	};
	objectVersion = 46;
	objects = {

/* Begin PBXBuildFile section */
		43721E9917C5B3EE0089F627 /* UIKit.framework in Frameworks */ = {isa = PBXBuildFile; fileRef = 43721E9817C5B3EE0089F627 /* UIKit.framework */; };
		43721E9B17C5B3EE0089F627 /* Foundation.framework in Frameworks */ = {isa = PBXBuildFile; fileRef = 43721E9A17C5B3EE0089F627 /* Foundation.framework */; };
		43721E9D17C5B3EE0089F627 /* CoreGraphics.framework in Frameworks */ = {isa = PBXBuildFile; fileRef = 43721E9C17C5B3EE0089F627 /* CoreGraphics.framework */; };
		43721EA317C5B3EE0089F627 /* InfoPlist.strings in Resources */ = {isa = PBXBuildFile; fileRef = 43721EA117C5B3EE0089F627 /* InfoPlist.strings */; };
		43721EA517C5B3EE0089F627 /* main.m in Sources */ = {isa = PBXBuildFile; fileRef = 43721EA417C5B3EE0089F627 /* main.m */; };
		43721EA917C5B3EE0089F627 /* AppDelegate.m in Sources */ = {isa = PBXBuildFile; fileRef = 43721EA817C5B3EE0089F627 /* AppDelegate.m */; };
		43721EAB17C5B3EE0089F627 /* Default.png in Resources */ = {isa = PBXBuildFile; fileRef = 43721EAA17C5B3EE0089F627 /* Default.png */; };
		43721EAD17C5B3EE0089F627 /* Default@2x.png in Resources */ = {isa = PBXBuildFile; fileRef = 43721EAC17C5B3EE0089F627 /* Default@2x.png */; };
		43721EAF17C5B3EE0089F627 /* Default-568h@2x.png in Resources */ = {isa = PBXBuildFile; fileRef = 43721EAE17C5B3EE0089F627 /* Default-568h@2x.png */; };
		43721EB217C5B3EE0089F627 /* MainStoryboard.storyboard in Resources */ = {isa = PBXBuildFile; fileRef = 43721EB017C5B3EE0089F627 /* MainStoryboard.storyboard */; };
		43721EB517C5B3EE0089F627 /* ViewController.m in Sources */ = {isa = PBXBuildFile; fileRef = 43721EB417C5B3EE0089F627 /* ViewController.m */; };
		43721EBD17C5B3EE0089F627 /* SenTestingKit.framework in Frameworks */ = {isa = PBXBuildFile; fileRef = 43721EBC17C5B3EE0089F627 /* SenTestingKit.framework */; };
		43721EBE17C5B3EE0089F627 /* UIKit.framework in Frameworks */ = {isa = PBXBuildFile; fileRef = 43721E9817C5B3EE0089F627 /* UIKit.framework */; };
		43721EBF17C5B3EE0089F627 /* Foundation.framework in Frameworks */ = {isa = PBXBuildFile; fileRef = 43721E9A17C5B3EE0089F627 /* Foundation.framework */; };
		43721EC717C5B3EE0089F627 /* InfoPlist.strings in Resources */ = {isa = PBXBuildFile; fileRef = 43721EC517C5B3EE0089F627 /* InfoPlist.strings */; };
		43721ECA17C5B3EE0089F627 /* hogeTests.m in Sources */ = {isa = PBXBuildFile; fileRef = 43721EC917C5B3EE0089F627 /* hogeTests.m */; };
		43721ED517C5DCF70089F627 /* ShakeCounter.m in Sources */ = {isa = PBXBuildFile; fileRef = 43721ED417C5DCF70089F627 /* ShakeCounter.m */; };
		43721ED717C5F93B0089F627 /* CoreMotion.framework in Frameworks */ = {isa = PBXBuildFile; fileRef = 43721ED617C5F93B0089F627 /* CoreMotion.framework */; };
/* End PBXBuildFile section */

/* Begin PBXContainerItemProxy section */
		43721EC017C5B3EE0089F627 /* PBXContainerItemProxy */ = {
			isa = PBXContainerItemProxy;
			containerPortal = 43721E8D17C5B3EE0089F627 /* Project object */;
			proxyType = 1;
			remoteGlobalIDString = 43721E9417C5B3EE0089F627;
			remoteInfo = hoge;
		};
/* End PBXContainerItemProxy section */

/* Begin PBXFileReference section */
		43721E9517C5B3EE0089F627 /* hoge.app */ = {isa = PBXFileReference; explicitFileType = wrapper.application; includeInIndex = 0; path = hoge.app; sourceTree = BUILT_PRODUCTS_DIR; };
		43721E9817C5B3EE0089F627 /* UIKit.framework */ = {isa = PBXFileReference; lastKnownFileType = wrapper.framework; name = UIKit.framework; path = System/Library/Frameworks/UIKit.framework; sourceTree = SDKROOT; };
		43721E9A17C5B3EE0089F627 /* Foundation.framework */ = {isa = PBXFileReference; lastKnownFileType = wrapper.framework; name = Foundation.framework; path = System/Library/Frameworks/Foundation.framework; sourceTree = SDKROOT; };
		43721E9C17C5B3EE0089F627 /* CoreGraphics.framework */ = {isa = PBXFileReference; lastKnownFileType = wrapper.framework; name = CoreGraphics.framework; path = System/Library/Frameworks/CoreGraphics.framework; sourceTree = SDKROOT; };
		43721EA017C5B3EE0089F627 /* hoge-Info.plist */ = {isa = PBXFileReference; lastKnownFileType = text.plist.xml; path = "hoge-Info.plist"; sourceTree = "<group>"; };
		43721EA217C5B3EE0089F627 /* en */ = {isa = PBXFileReference; lastKnownFileType = text.plist.strings; name = en; path = en.lproj/InfoPlist.strings; sourceTree = "<group>"; };
		43721EA417C5B3EE0089F627 /* main.m */ = {isa = PBXFileReference; lastKnownFileType = sourcecode.c.objc; path = main.m; sourceTree = "<group>"; };
		43721EA617C5B3EE0089F627 /* hoge-Prefix.pch */ = {isa = PBXFileReference; lastKnownFileType = sourcecode.c.h; path = "hoge-Prefix.pch"; sourceTree = "<group>"; };
		43721EA717C5B3EE0089F627 /* AppDelegate.h */ = {isa = PBXFileReference; lastKnownFileType = sourcecode.c.h; path = AppDelegate.h; sourceTree = "<group>"; };
		43721EA817C5B3EE0089F627 /* AppDelegate.m */ = {isa = PBXFileReference; lastKnownFileType = sourcecode.c.objc; path = AppDelegate.m; sourceTree = "<group>"; };
		43721EAA17C5B3EE0089F627 /* Default.png */ = {isa = PBXFileReference; lastKnownFileType = image.png; path = Default.png; sourceTree = "<group>"; };
		43721EAC17C5B3EE0089F627 /* Default@2x.png */ = {isa = PBXFileReference; lastKnownFileType = image.png; path = "Default@2x.png"; sourceTree = "<group>"; };
		43721EAE17C5B3EE0089F627 /* Default-568h@2x.png */ = {isa = PBXFileReference; lastKnownFileType = image.png; path = "Default-568h@2x.png"; sourceTree = "<group>"; };
		43721EB117C5B3EE0089F627 /* en */ = {isa = PBXFileReference; lastKnownFileType = file.storyboard; name = en; path = en.lproj/MainStoryboard.storyboard; sourceTree = "<group>"; };
		43721EB317C5B3EE0089F627 /* ViewController.h */ = {isa = PBXFileReference; lastKnownFileType = sourcecode.c.h; path = ViewController.h; sourceTree = "<group>"; };
		43721EB417C5B3EE0089F627 /* ViewController.m */ = {isa = PBXFileReference; lastKnownFileType = sourcecode.c.objc; path = ViewController.m; sourceTree = "<group>"; };
		43721EBB17C5B3EE0089F627 /* hogeTests.octest */ = {isa = PBXFileReference; explicitFileType = wrapper.cfbundle; includeInIndex = 0; path = hogeTests.octest; sourceTree = BUILT_PRODUCTS_DIR; };
		43721EBC17C5B3EE0089F627 /* SenTestingKit.framework */ = {isa = PBXFileReference; lastKnownFileType = wrapper.framework; name = SenTestingKit.framework; path = Library/Frameworks/SenTestingKit.framework; sourceTree = DEVELOPER_DIR; };
		43721EC417C5B3EE0089F627 /* hogeTests-Info.plist */ = {isa = PBXFileReference; lastKnownFileType = text.plist.xml; path = "hogeTests-Info.plist"; sourceTree = "<group>"; };
		43721EC617C5B3EE0089F627 /* en */ = {isa = PBXFileReference; lastKnownFileType = text.plist.strings; name = en; path = en.lproj/InfoPlist.strings; sourceTree = "<group>"; };
		43721EC817C5B3EE0089F627 /* hogeTests.h */ = {isa = PBXFileReference; lastKnownFileType = sourcecode.c.h; path = hogeTests.h; sourceTree = "<group>"; };
		43721EC917C5B3EE0089F627 /* hogeTests.m */ = {isa = PBXFileReference; lastKnownFileType = sourcecode.c.objc; path = hogeTests.m; sourceTree = "<group>"; };
		43721ED317C5DCF70089F627 /* ShakeCounter.h */ = {isa = PBXFileReference; fileEncoding = 4; lastKnownFileType = sourcecode.c.h; path = ShakeCounter.h; sourceTree = "<group>"; };
		43721ED417C5DCF70089F627 /* ShakeCounter.m */ = {isa = PBXFileReference; fileEncoding = 4; lastKnownFileType = sourcecode.c.objc; path = ShakeCounter.m; sourceTree = "<group>"; };
		43721ED617C5F93B0089F627 /* CoreMotion.framework */ = {isa = PBXFileReference; lastKnownFileType = wrapper.framework; name = CoreMotion.framework; path = System/Library/Frameworks/CoreMotion.framework; sourceTree = SDKROOT; };
/* End PBXFileReference section */

/* Begin PBXFrameworksBuildPhase section */
		43721E9217C5B3EE0089F627 /* Frameworks */ = {
			isa = PBXFrameworksBuildPhase;
			buildActionMask = 2147483647;
			files = (
				43721ED717C5F93B0089F627 /* CoreMotion.framework in Frameworks */,
				43721E9917C5B3EE0089F627 /* UIKit.framework in Frameworks */,
				43721E9B17C5B3EE0089F627 /* Foundation.framework in Frameworks */,
				43721E9D17C5B3EE0089F627 /* CoreGraphics.framework in Frameworks */,
			);
			runOnlyForDeploymentPostprocessing = 0;
		};
		43721EB717C5B3EE0089F627 /* Frameworks */ = {
			isa = PBXFrameworksBuildPhase;
			buildActionMask = 2147483647;
			files = (
				43721EBD17C5B3EE0089F627 /* SenTestingKit.framework in Frameworks */,
				43721EBE17C5B3EE0089F627 /* UIKit.framework in Frameworks */,
				43721EBF17C5B3EE0089F627 /* Foundation.framework in Frameworks */,
			);
			runOnlyForDeploymentPostprocessing = 0;
		};
/* End PBXFrameworksBuildPhase section */

/* Begin PBXGroup section */
		43721E8C17C5B3EE0089F627 = {
			isa = PBXGroup;
			children = (
				43721E9E17C5B3EE0089F627 /* hoge */,
				43721EC217C5B3EE0089F627 /* hogeTests */,
				43721E9717C5B3EE0089F627 /* Frameworks */,
				43721E9617C5B3EE0089F627 /* Products */,
			);
			sourceTree = "<group>";
		};
		43721E9617C5B3EE0089F627 /* Products */ = {
			isa = PBXGroup;
			children = (
				43721E9517C5B3EE0089F627 /* hoge.app */,
				43721EBB17C5B3EE0089F627 /* hogeTests.octest */,
			);
			name = Products;
			sourceTree = "<group>";
		};
		43721E9717C5B3EE0089F627 /* Frameworks */ = {
			isa = PBXGroup;
			children = (
				43721ED617C5F93B0089F627 /* CoreMotion.framework */,
				43721E9817C5B3EE0089F627 /* UIKit.framework */,
				43721E9A17C5B3EE0089F627 /* Foundation.framework */,
				43721E9C17C5B3EE0089F627 /* CoreGraphics.framework */,
				43721EBC17C5B3EE0089F627 /* SenTestingKit.framework */,
			);
			name = Frameworks;
			sourceTree = "<group>";
		};
		43721E9E17C5B3EE0089F627 /* hoge */ = {
			isa = PBXGroup;
			children = (
				43721EA717C5B3EE0089F627 /* AppDelegate.h */,
				43721EA817C5B3EE0089F627 /* AppDelegate.m */,
				43721EB017C5B3EE0089F627 /* MainStoryboard.storyboard */,
				43721EB317C5B3EE0089F627 /* ViewController.h */,
				43721ED317C5DCF70089F627 /* ShakeCounter.h */,
				43721ED417C5DCF70089F627 /* ShakeCounter.m */,
				43721EB417C5B3EE0089F627 /* ViewController.m */,
				43721E9F17C5B3EE0089F627 /* Supporting Files */,
			);
			path = hoge;
			sourceTree = "<group>";
		};
		43721E9F17C5B3EE0089F627 /* Supporting Files */ = {
			isa = PBXGroup;
			children = (
				43721EA017C5B3EE0089F627 /* hoge-Info.plist */,
				43721EA117C5B3EE0089F627 /* InfoPlist.strings */,
				43721EA417C5B3EE0089F627 /* main.m */,
				43721EA617C5B3EE0089F627 /* hoge-Prefix.pch */,
				43721EAA17C5B3EE0089F627 /* Default.png */,
				43721EAC17C5B3EE0089F627 /* Default@2x.png */,
				43721EAE17C5B3EE0089F627 /* Default-568h@2x.png */,
			);
			name = "Supporting Files";
			sourceTree = "<group>";
		};
		43721EC217C5B3EE0089F627 /* hogeTests */ = {
			isa = PBXGroup;
			children = (
				43721EC817C5B3EE0089F627 /* hogeTests.h */,
				43721EC917C5B3EE0089F627 /* hogeTests.m */,
				43721EC317C5B3EE0089F627 /* Supporting Files */,
			);
			path = hogeTests;
			sourceTree = "<group>";
		};
		43721EC317C5B3EE0089F627 /* Supporting Files */ = {
			isa = PBXGroup;
			children = (
				43721EC417C5B3EE0089F627 /* hogeTests-Info.plist */,
				43721EC517C5B3EE0089F627 /* InfoPlist.strings */,
			);
			name = "Supporting Files";
			sourceTree = "<group>";
		};
/* End PBXGroup section */

/* Begin PBXNativeTarget section */
		43721E9417C5B3EE0089F627 /* hoge */ = {
			isa = PBXNativeTarget;
			buildConfigurationList = 43721ECD17C5B3EE0089F627 /* Build configuration list for PBXNativeTarget "hoge" */;
			buildPhases = (
				43721E9117C5B3EE0089F627 /* Sources */,
				43721E9217C5B3EE0089F627 /* Frameworks */,
				43721E9317C5B3EE0089F627 /* Resources */,
			);
			buildRules = (
			);
			dependencies = (
			);
			name = hoge;
			productName = hoge;
			productReference = 43721E9517C5B3EE0089F627 /* hoge.app */;
			productType = "com.apple.product-type.application";
		};
		43721EBA17C5B3EE0089F627 /* hogeTests */ = {
			isa = PBXNativeTarget;
			buildConfigurationList = 43721ED017C5B3EE0089F627 /* Build configuration list for PBXNativeTarget "hogeTests" */;
			buildPhases = (
				43721EB617C5B3EE0089F627 /* Sources */,
				43721EB717C5B3EE0089F627 /* Frameworks */,
				43721EB817C5B3EE0089F627 /* Resources */,
				43721EB917C5B3EE0089F627 /* ShellScript */,
			);
			buildRules = (
			);
			dependencies = (
				43721EC117C5B3EE0089F627 /* PBXTargetDependency */,
			);
			name = hogeTests;
			productName = hogeTests;
			productReference = 43721EBB17C5B3EE0089F627 /* hogeTests.octest */;
			productType = "com.apple.product-type.bundle";
		};
/* End PBXNativeTarget section */

/* Begin PBXProject section */
		43721E8D17C5B3EE0089F627 /* Project object */ = {
			isa = PBXProject;
			attributes = {
				LastUpgradeCheck = 0460;
				ORGANIZATIONNAME = techcamp;
			};
			buildConfigurationList = 43721E9017C5B3EE0089F627 /* Build configuration list for PBXProject "hoge" */;
			compatibilityVersion = "Xcode 3.2";
			developmentRegion = English;
			hasScannedForEncodings = 0;
			knownRegions = (
				en,
			);
			mainGroup = 43721E8C17C5B3EE0089F627;
			productRefGroup = 43721E9617C5B3EE0089F627 /* Products */;
			projectDirPath = "";
			projectRoot = "";
			targets = (
				43721E9417C5B3EE0089F627 /* hoge */,
				43721EBA17C5B3EE0089F627 /* hogeTests */,
			);
		};
/* End PBXProject section */

/* Begin PBXResourcesBuildPhase section */
		43721E9317C5B3EE0089F627 /* Resources */ = {
			isa = PBXResourcesBuildPhase;
			buildActionMask = 2147483647;
			files = (
				43721EA317C5B3EE0089F627 /* InfoPlist.strings in Resources */,
				43721EAB17C5B3EE0089F627 /* Default.png in Resources */,
				43721EAD17C5B3EE0089F627 /* Default@2x.png in Resources */,
				43721EAF17C5B3EE0089F627 /* Default-568h@2x.png in Resources */,
				43721EB217C5B3EE0089F627 /* MainStoryboard.storyboard in Resources */,
			);
			runOnlyForDeploymentPostprocessing = 0;
		};
		43721EB817C5B3EE0089F627 /* Resources */ = {
			isa = PBXResourcesBuildPhase;
			buildActionMask = 2147483647;
			files = (
				43721EC717C5B3EE0089F627 /* InfoPlist.strings in Resources */,
			);
			runOnlyForDeploymentPostprocessing = 0;
		};
/* End PBXResourcesBuildPhase section */

/* Begin PBXShellScriptBuildPhase section */
		43721EB917C5B3EE0089F627 /* ShellScript */ = {
			isa = PBXShellScriptBuildPhase;
			buildActionMask = 2147483647;
			files = (
			);
			inputPaths = (
			);
			outputPaths = (
			);
			runOnlyForDeploymentPostprocessing = 0;
			shellPath = /bin/sh;
			shellScript = "# Run the unit tests in this test bundle.\n\"${SYSTEM_DEVELOPER_DIR}/Tools/RunUnitTests\"\n";
		};
/* End PBXShellScriptBuildPhase section */

/* Begin PBXSourcesBuildPhase section */
		43721E9117C5B3EE0089F627 /* Sources */ = {
			isa = PBXSourcesBuildPhase;
			buildActionMask = 2147483647;
			files = (
				43721EA517C5B3EE0089F627 /* main.m in Sources */,
				43721EA917C5B3EE0089F627 /* AppDelegate.m in Sources */,
				43721EB517C5B3EE0089F627 /* ViewController.m in Sources */,
				43721ED517C5DCF70089F627 /* ShakeCounter.m in Sources */,
			);
			runOnlyForDeploymentPostprocessing = 0;
		};
		43721EB617C5B3EE0089F627 /* Sources */ = {
			isa = PBXSourcesBuildPhase;
			buildActionMask = 2147483647;
			files = (
				43721ECA17C5B3EE0089F627 /* hogeTests.m in Sources */,
			);
			runOnlyForDeploymentPostprocessing = 0;
		};
/* End PBXSourcesBuildPhase section */

/* Begin PBXTargetDependency section */
		43721EC117C5B3EE0089F627 /* PBXTargetDependency */ = {
			isa = PBXTargetDependency;
			target = 43721E9417C5B3EE0089F627 /* hoge */;
			targetProxy = 43721EC017C5B3EE0089F627 /* PBXContainerItemProxy */;
		};
/* End PBXTargetDependency section */

/* Begin PBXVariantGroup section */
		43721EA117C5B3EE0089F627 /* InfoPlist.strings */ = {
			isa = PBXVariantGroup;
			children = (
				43721EA217C5B3EE0089F627 /* en */,
			);
			name = InfoPlist.strings;
			sourceTree = "<group>";
		};
		43721EB017C5B3EE0089F627 /* MainStoryboard.storyboard */ = {
			isa = PBXVariantGroup;
			children = (
				43721EB117C5B3EE0089F627 /* en */,
			);
			name = MainStoryboard.storyboard;
			sourceTree = "<group>";
		};
		43721EC517C5B3EE0089F627 /* InfoPlist.strings */ = {
			isa = PBXVariantGroup;
			children = (
				43721EC617C5B3EE0089F627 /* en */,
			);
			name = InfoPlist.strings;
			sourceTree = "<group>";
		};
/* End PBXVariantGroup section */

/* Begin XCBuildConfiguration section */
		43721ECB17C5B3EE0089F627 /* Debug */ = {
			isa = XCBuildConfiguration;
			buildSettings = {
				ALWAYS_SEARCH_USER_PATHS = NO;
				CLANG_CXX_LANGUAGE_STANDARD = "gnu++0x";
				CLANG_CXX_LIBRARY = "libc++";
				CLANG_WARN_CONSTANT_CONVERSION = YES;
				CLANG_WARN_EMPTY_BODY = YES;
				CLANG_WARN_ENUM_CONVERSION = YES;
				CLANG_WARN_INT_CONVERSION = YES;
				CLANG_WARN__DUPLICATE_METHOD_MATCH = YES;
				"CODE_SIGN_IDENTITY[sdk=iphoneos*]" = "iPhone Developer";
				COPY_PHASE_STRIP = NO;
				GCC_C_LANGUAGE_STANDARD = gnu99;
				GCC_DYNAMIC_NO_PIC = NO;
				GCC_OPTIMIZATION_LEVEL = 0;
				GCC_PREPROCESSOR_DEFINITIONS = (
					"DEBUG=1",
					"$(inherited)",
				);
				GCC_SYMBOLS_PRIVATE_EXTERN = NO;
				GCC_WARN_ABOUT_RETURN_TYPE = YES;
				GCC_WARN_UNINITIALIZED_AUTOS = YES;
				GCC_WARN_UNUSED_VARIABLE = YES;
				IPHONEOS_DEPLOYMENT_TARGET = 6.1;
				ONLY_ACTIVE_ARCH = YES;
				SDKROOT = iphoneos;
			};
			name = Debug;
		};
		43721ECC17C5B3EE0089F627 /* Release */ = {
			isa = XCBuildConfiguration;
			buildSettings = {
				ALWAYS_SEARCH_USER_PATHS = NO;
				CLANG_CXX_LANGUAGE_STANDARD = "gnu++0x";
				CLANG_CXX_LIBRARY = "libc++";
				CLANG_WARN_CONSTANT_CONVERSION = YES;
				CLANG_WARN_EMPTY_BODY = YES;
				CLANG_WARN_ENUM_CONVERSION = YES;
				CLANG_WARN_INT_CONVERSION = YES;
				CLANG_WARN__DUPLICATE_METHOD_MATCH = YES;
				"CODE_SIGN_IDENTITY[sdk=iphoneos*]" = "iPhone Developer";
				COPY_PHASE_STRIP = YES;
				GCC_C_LANGUAGE_STANDARD = gnu99;
				GCC_WARN_ABOUT_RETURN_TYPE = YES;
				GCC_WARN_UNINITIALIZED_AUTOS = YES;
				GCC_WARN_UNUSED_VARIABLE = YES;
				IPHONEOS_DEPLOYMENT_TARGET = 6.1;
				OTHER_CFLAGS = "-DNS_BLOCK_ASSERTIONS=1";
				SDKROOT = iphoneos;
				VALIDATE_PRODUCT = YES;
			};
			name = Release;
		};
		43721ECE17C5B3EE0089F627 /* Debug */ = {
			isa = XCBuildConfiguration;
			buildSettings = {
				CODE_SIGN_IDENTITY = "iPhone Developer: Hiroyuki Nakazumi (KBM4WH8VVM)";
				"CODE_SIGN_IDENTITY[sdk=iphoneos*]" = "iPhone Developer: Hiroyuki Nakazumi (KBM4WH8VVM)";
				GCC_PRECOMPILE_PREFIX_HEADER = YES;
				GCC_PREFIX_HEADER = "hoge/hoge-Prefix.pch";
				INFOPLIST_FILE = "hoge/hoge-Info.plist";
				PRODUCT_NAME = "$(TARGET_NAME)";
				PROVISIONING_PROFILE = "";
				"PROVISIONING_PROFILE[sdk=iphoneos*]" = "";
				WRAPPER_EXTENSION = app;
			};
			name = Debug;
		};
		43721ECF17C5B3EE0089F627 /* Release */ = {
			isa = XCBuildConfiguration;
			buildSettings = {
				CODE_SIGN_IDENTITY = "iPhone Developer: Hiroyuki Nakazumi (KBM4WH8VVM)";
				"CODE_SIGN_IDENTITY[sdk=iphoneos*]" = "iPhone Developer: Hiroyuki Nakazumi (KBM4WH8VVM)";
				GCC_PRECOMPILE_PREFIX_HEADER = YES;
				GCC_PREFIX_HEADER = "hoge/hoge-Prefix.pch";
				INFOPLIST_FILE = "hoge/hoge-Info.plist";
				PRODUCT_NAME = "$(TARGET_NAME)";
				PROVISIONING_PROFILE = "";
				"PROVISIONING_PROFILE[sdk=iphoneos*]" = "";
				WRAPPER_EXTENSION = app;
			};
			name = Release;
		};
		43721ED117C5B3EE0089F627 /* Debug */ = {
			isa = XCBuildConfiguration;
			buildSettings = {
				BUNDLE_LOADER = "$(BUILT_PRODUCTS_DIR)/hoge.app/hoge";
				FRAMEWORK_SEARCH_PATHS = (
					"\"$(SDKROOT)/Developer/Library/Frameworks\"",
					"\"$(DEVELOPER_LIBRARY_DIR)/Frameworks\"",
				);
				GCC_PRECOMPILE_PREFIX_HEADER = YES;
				GCC_PREFIX_HEADER = "hoge/hoge-Prefix.pch";
				INFOPLIST_FILE = "hogeTests/hogeTests-Info.plist";
				PRODUCT_NAME = "$(TARGET_NAME)";
				TEST_HOST = "$(BUNDLE_LOADER)";
				WRAPPER_EXTENSION = octest;
			};
			name = Debug;
		};
		43721ED217C5B3EE0089F627 /* Release */ = {
			isa = XCBuildConfiguration;
			buildSettings = {
				BUNDLE_LOADER = "$(BUILT_PRODUCTS_DIR)/hoge.app/hoge";
				FRAMEWORK_SEARCH_PATHS = (
					"\"$(SDKROOT)/Developer/Library/Frameworks\"",
					"\"$(DEVELOPER_LIBRARY_DIR)/Frameworks\"",
				);
				GCC_PRECOMPILE_PREFIX_HEADER = YES;
				GCC_PREFIX_HEADER = "hoge/hoge-Prefix.pch";
				INFOPLIST_FILE = "hogeTests/hogeTests-Info.plist";
				PRODUCT_NAME = "$(TARGET_NAME)";
				TEST_HOST = "$(BUNDLE_LOADER)";
				WRAPPER_EXTENSION = octest;
			};
			name = Release;
		};
/* End XCBuildConfiguration section */

/* Begin XCConfigurationList section */
		43721E9017C5B3EE0089F627 /* Build configuration list for PBXProject "hoge" */ = {
			isa = XCConfigurationList;
			buildConfigurations = (
				43721ECB17C5B3EE0089F627 /* Debug */,
				43721ECC17C5B3EE0089F627 /* Release */,
			);
			defaultConfigurationIsVisible = 0;
			defaultConfigurationName = Release;
		};
		43721ECD17C5B3EE0089F627 /* Build configuration list for PBXNativeTarget "hoge" */ = {
			isa = XCConfigurationList;
			buildConfigurations = (
				43721ECE17C5B3EE0089F627 /* Debug */,
				43721ECF17C5B3EE0089F627 /* Release */,
			);
			defaultConfigurationIsVisible = 0;
			defaultConfigurationName = Release;
		};
		43721ED017C5B3EE0089F627 /* Build configuration list for PBXNativeTarget "hogeTests" */ = {
			isa = XCConfigurationList;
			buildConfigurations = (
				43721ED117C5B3EE0089F627 /* Debug */,
				43721ED217C5B3EE0089F627 /* Release */,
			);
			defaultConfigurationIsVisible = 0;
			defaultConfigurationName = Release;
		};
/* End XCConfigurationList section */
	};
	rootObject = 43721E8D17C5B3EE0089F627 /* Project object */;
}
